// !$*UTF8*$!
{
	archiveVersion = 1;
	classes = {
	};
	objectVersion = 48;
	objects = {

/* Begin PBXBuildFile section */
		012087341FE257E40084AA2A /* main.swift in Sources */ = {isa = PBXBuildFile; fileRef = 012087331FE257E40084AA2A /* main.swift */; };
		012087391FE25BD50084AA2A /* String+KnotHash.swift in Sources */ = {isa = PBXBuildFile; fileRef = 012087381FE25BD50084AA2A /* String+KnotHash.swift */; };
		012087411FE3B5CF0084AA2A /* main.swift in Sources */ = {isa = PBXBuildFile; fileRef = 012087401FE3B5CF0084AA2A /* main.swift */; };
		014EE7691FEFE3F2005F43ED /* main.swift in Sources */ = {isa = PBXBuildFile; fileRef = 014EE7681FEFE3F2005F43ED /* main.swift */; };
		014EE76E1FEFE40D005F43ED /* day24-input.txt in CopyFiles */ = {isa = PBXBuildFile; fileRef = 014EE76D1FEFE40C005F43ED /* day24-input.txt */; };
		014EE7761FF0E58F005F43ED /* main.swift in Sources */ = {isa = PBXBuildFile; fileRef = 014EE7751FF0E58F005F43ED /* main.swift */; };
		0154E4341FE46751006BB419 /* Measure.swift in Sources */ = {isa = PBXBuildFile; fileRef = 0154E4331FE46751006BB419 /* Measure.swift */; };
		015C30211FE8F2B2003A5090 /* main.swift in Sources */ = {isa = PBXBuildFile; fileRef = 015C30201FE8F2B2003A5090 /* main.swift */; };
		015C30261FE8F2D1003A5090 /* day19-input.txt in CopyFiles */ = {isa = PBXBuildFile; fileRef = 015C30251FE8F2C4003A5090 /* day19-input.txt */; };
		01676D1E1FE659A600CA9F8C /* main.swift in Sources */ = {isa = PBXBuildFile; fileRef = 01676D1D1FE659A600CA9F8C /* main.swift */; };
		01676D291FE7A3A300CA9F8C /* main.swift in Sources */ = {isa = PBXBuildFile; fileRef = 01676D281FE7A3A300CA9F8C /* main.swift */; };
		01676D2E1FE7A3C500CA9F8C /* day18-input.txt in CopyFiles */ = {isa = PBXBuildFile; fileRef = 01676D2D1FE7A3AF00CA9F8C /* day18-input.txt */; };
		0169D5321FD92D110081D25B /* main.swift in Sources */ = {isa = PBXBuildFile; fileRef = 0169D5311FD92D110081D25B /* main.swift */; };
		0169D5371FD98BFA0081D25B /* day7-input.txt in CopyFiles */ = {isa = PBXBuildFile; fileRef = 0169D5361FD92D3F0081D25B /* day7-input.txt */; };
		0178174A1FED11C10092FDCF /* Measure.swift in Sources */ = {isa = PBXBuildFile; fileRef = 0154E4331FE46751006BB419 /* Measure.swift */; };
		017817521FED18B80092FDCF /* main.swift in Sources */ = {isa = PBXBuildFile; fileRef = 017817511FED18B80092FDCF /* main.swift */; };
		017817571FED18CC0092FDCF /* day22-input.txt in CopyFiles */ = {isa = PBXBuildFile; fileRef = 017817561FED18CA0092FDCF /* day22-input.txt */; };
		017817581FED31640092FDCF /* Measure.swift in Sources */ = {isa = PBXBuildFile; fileRef = 0154E4331FE46751006BB419 /* Measure.swift */; };
		017817591FED37770092FDCF /* Measure.swift in Sources */ = {isa = PBXBuildFile; fileRef = 0154E4331FE46751006BB419 /* Measure.swift */; };
		017817651FEE9A250092FDCF /* main.swift in Sources */ = {isa = PBXBuildFile; fileRef = 017817641FEE9A250092FDCF /* main.swift */; };
		0178176A1FEE9A3C0092FDCF /* day23-input.txt in CopyFiles */ = {isa = PBXBuildFile; fileRef = 017817691FEE9A380092FDCF /* day23-input.txt */; };
		017817721FEEB72F0092FDCF /* main.swift in Sources */ = {isa = PBXBuildFile; fileRef = 017817711FEEB72F0092FDCF /* main.swift */; };
		017934791FEAE34B0095A24E /* main.swift in Sources */ = {isa = PBXBuildFile; fileRef = 017934781FEAE34B0095A24E /* main.swift */; };
		0179347E1FEAE3700095A24E /* day20-input.txt in CopyFiles */ = {isa = PBXBuildFile; fileRef = 0179347D1FEAE35B0095A24E /* day20-input.txt */; };
		0179347F1FEB1ED70095A24E /* Measure.swift in Sources */ = {isa = PBXBuildFile; fileRef = 0154E4331FE46751006BB419 /* Measure.swift */; };
		017998C81FE5051300CA04F0 /* main.swift in Sources */ = {isa = PBXBuildFile; fileRef = 017998C71FE5051300CA04F0 /* main.swift */; };
		017998CF1FE5053100CA04F0 /* day16-input.txt in CopyFiles */ = {isa = PBXBuildFile; fileRef = 017998CC1FE5052100CA04F0 /* day16-input.txt */; };
		017998D01FE511D100CA04F0 /* Measure.swift in Sources */ = {isa = PBXBuildFile; fileRef = 0154E4331FE46751006BB419 /* Measure.swift */; };
		0180C2291FD2961800FE0032 /* day2-input.txt in CopyFiles */ = {isa = PBXBuildFile; fileRef = 0180C2281FD295D900FE0032 /* day2-input.txt */; };
		01993F631FECF0310030CB6E /* main.swift in Sources */ = {isa = PBXBuildFile; fileRef = 01993F621FECF0310030CB6E /* main.swift */; };
		01993F681FECF0530030CB6E /* day21-input.txt in CopyFiles */ = {isa = PBXBuildFile; fileRef = 01993F671FECF0500030CB6E /* day21-input.txt */; };
		01A007FE1FDA5EBA00FC51C8 /* main.swift in Sources */ = {isa = PBXBuildFile; fileRef = 01A007FD1FDA5EBA00FC51C8 /* main.swift */; };
		01A008031FDA5EFF00FC51C8 /* day8-input.txt in CopyFiles */ = {isa = PBXBuildFile; fileRef = 01A008021FDA5ECD00FC51C8 /* day8-input.txt */; };
		01B5966B1FD5ECBA00FA98DC /* main.swift in Sources */ = {isa = PBXBuildFile; fileRef = 01B5966A1FD5ECBA00FA98DC /* main.swift */; };
		01B596731FD67A9200FA98DC /* day5-input.txt in CopyFiles */ = {isa = PBXBuildFile; fileRef = 01B596721FD6783B00FA98DC /* day5-input.txt */; };
		01B5967B1FD6859800FA98DC /* main.swift in Sources */ = {isa = PBXBuildFile; fileRef = 01B5967A1FD6859800FA98DC /* main.swift */; };
		01C780521FD35FC2008FE5E8 /* main.swift in Sources */ = {isa = PBXBuildFile; fileRef = 01C780511FD35FC2008FE5E8 /* main.swift */; };
		01C7805F1FD527B8008FE5E8 /* main.swift in Sources */ = {isa = PBXBuildFile; fileRef = 01C7805E1FD527B8008FE5E8 /* main.swift */; };
		01C780641FD527EB008FE5E8 /* day4-input.txt in CopyFiles */ = {isa = PBXBuildFile; fileRef = 01C780631FD527DE008FE5E8 /* day4-input.txt */; };
		01CE2EDA1FDDF16E005C71FF /* main.swift in Sources */ = {isa = PBXBuildFile; fileRef = 01CE2ED91FDDF16E005C71FF /* main.swift */; };
		01CE2EE11FDDF1CD005C71FF /* day9-input.txt in CopyFiles */ = {isa = PBXBuildFile; fileRef = 01CE2EE01FDDF1C9005C71FF /* day9-input.txt */; };
		01CE2EE91FDEA458005C71FF /* main.swift in Sources */ = {isa = PBXBuildFile; fileRef = 01CE2EE81FDEA458005C71FF /* main.swift */; };
		01CE2EF41FDF3148005C71FF /* main.swift in Sources */ = {isa = PBXBuildFile; fileRef = 01CE2EF31FDF3148005C71FF /* main.swift */; };
		01CE2EF91FDF3E1C005C71FF /* day11-input.txt in CopyFiles */ = {isa = PBXBuildFile; fileRef = 01CE2EF81FDF3A4F005C71FF /* day11-input.txt */; };
		01CE2F011FDFFEE8005C71FF /* main.swift in Sources */ = {isa = PBXBuildFile; fileRef = 01CE2F001FDFFEE8005C71FF /* main.swift */; };
		01CE2F061FDFFF03005C71FF /* day12-input.txt in Copy Files */ = {isa = PBXBuildFile; fileRef = 01CE2F051FDFFEF5005C71FF /* day12-input.txt */; };
		01CE2F0E1FE07B29005C71FF /* main.swift in Sources */ = {isa = PBXBuildFile; fileRef = 01CE2F0D1FE07B29005C71FF /* main.swift */; };
		01CE2F131FE114B5005C71FF /* day13-input.txt in CopyFiles */ = {isa = PBXBuildFile; fileRef = 01CE2F121FE11126005C71FF /* day13-input.txt */; };
		01E04A4F1FCF3F7F00A8D649 /* main.swift in Sources */ = {isa = PBXBuildFile; fileRef = 01E04A4E1FCF3F7F00A8D649 /* main.swift */; };
		01F4B69F1FD1EE5300FF615F /* main.swift in Sources */ = {isa = PBXBuildFile; fileRef = 01F4B69E1FD1EE5300FF615F /* main.swift */; };
/* End PBXBuildFile section */

/* Begin PBXCopyFilesBuildPhase section */
		0120872F1FE257E40084AA2A /* CopyFiles */ = {
			isa = PBXCopyFilesBuildPhase;
			buildActionMask = 2147483647;
			dstPath = /usr/share/man/man1/;
			dstSubfolderSpec = 0;
			files = (
			);
			runOnlyForDeploymentPostprocessing = 1;
		};
		0120873C1FE3B5CF0084AA2A /* CopyFiles */ = {
			isa = PBXCopyFilesBuildPhase;
			buildActionMask = 2147483647;
			dstPath = /usr/share/man/man1/;
			dstSubfolderSpec = 0;
			files = (
			);
			runOnlyForDeploymentPostprocessing = 1;
		};
		014EE7641FEFE3F2005F43ED /* CopyFiles */ = {
			isa = PBXCopyFilesBuildPhase;
			buildActionMask = 12;
			dstPath = "";
			dstSubfolderSpec = 16;
			files = (
				014EE76E1FEFE40D005F43ED /* day24-input.txt in CopyFiles */,
			);
			runOnlyForDeploymentPostprocessing = 0;
		};
		014EE7711FF0E58F005F43ED /* CopyFiles */ = {
			isa = PBXCopyFilesBuildPhase;
			buildActionMask = 2147483647;
			dstPath = /usr/share/man/man1/;
			dstSubfolderSpec = 0;
			files = (
			);
			runOnlyForDeploymentPostprocessing = 1;
		};
		015C301C1FE8F2B2003A5090 /* CopyFiles */ = {
			isa = PBXCopyFilesBuildPhase;
			buildActionMask = 12;
			dstPath = "";
			dstSubfolderSpec = 16;
			files = (
				015C30261FE8F2D1003A5090 /* day19-input.txt in CopyFiles */,
			);
			runOnlyForDeploymentPostprocessing = 0;
		};
		01676D191FE659A600CA9F8C /* CopyFiles */ = {
			isa = PBXCopyFilesBuildPhase;
			buildActionMask = 2147483647;
			dstPath = /usr/share/man/man1/;
			dstSubfolderSpec = 0;
			files = (
			);
			runOnlyForDeploymentPostprocessing = 1;
		};
		01676D241FE7A3A300CA9F8C /* CopyFiles */ = {
			isa = PBXCopyFilesBuildPhase;
			buildActionMask = 12;
			dstPath = "";
			dstSubfolderSpec = 16;
			files = (
				01676D2E1FE7A3C500CA9F8C /* day18-input.txt in CopyFiles */,
			);
			runOnlyForDeploymentPostprocessing = 0;
		};
		0169D52D1FD92D110081D25B /* CopyFiles */ = {
			isa = PBXCopyFilesBuildPhase;
			buildActionMask = 12;
			dstPath = "";
			dstSubfolderSpec = 16;
			files = (
				0169D5371FD98BFA0081D25B /* day7-input.txt in CopyFiles */,
			);
			runOnlyForDeploymentPostprocessing = 0;
		};
		0178174D1FED18B80092FDCF /* CopyFiles */ = {
			isa = PBXCopyFilesBuildPhase;
			buildActionMask = 12;
			dstPath = "";
			dstSubfolderSpec = 16;
			files = (
				017817571FED18CC0092FDCF /* day22-input.txt in CopyFiles */,
			);
			runOnlyForDeploymentPostprocessing = 0;
		};
		017817601FEE9A250092FDCF /* CopyFiles */ = {
			isa = PBXCopyFilesBuildPhase;
			buildActionMask = 12;
			dstPath = "";
			dstSubfolderSpec = 16;
			files = (
				0178176A1FEE9A3C0092FDCF /* day23-input.txt in CopyFiles */,
			);
			runOnlyForDeploymentPostprocessing = 0;
		};
		0178176D1FEEB72E0092FDCF /* CopyFiles */ = {
			isa = PBXCopyFilesBuildPhase;
			buildActionMask = 2147483647;
			dstPath = /usr/share/man/man1/;
			dstSubfolderSpec = 0;
			files = (
			);
			runOnlyForDeploymentPostprocessing = 1;
		};
		017934741FEAE34B0095A24E /* CopyFiles */ = {
			isa = PBXCopyFilesBuildPhase;
			buildActionMask = 12;
			dstPath = "";
			dstSubfolderSpec = 16;
			files = (
				0179347E1FEAE3700095A24E /* day20-input.txt in CopyFiles */,
			);
			runOnlyForDeploymentPostprocessing = 0;
		};
		017998C31FE5051300CA04F0 /* CopyFiles */ = {
			isa = PBXCopyFilesBuildPhase;
			buildActionMask = 12;
			dstPath = "";
			dstSubfolderSpec = 16;
			files = (
				017998CF1FE5053100CA04F0 /* day16-input.txt in CopyFiles */,
			);
			runOnlyForDeploymentPostprocessing = 0;
		};
		0180C2241FD2941B00FE0032 /* CopyFiles */ = {
			isa = PBXCopyFilesBuildPhase;
			buildActionMask = 2147483647;
			dstPath = "";
			dstSubfolderSpec = 16;
			files = (
				0180C2291FD2961800FE0032 /* day2-input.txt in CopyFiles */,
			);
			runOnlyForDeploymentPostprocessing = 0;
		};
		01993F5E1FECF0310030CB6E /* CopyFiles */ = {
			isa = PBXCopyFilesBuildPhase;
			buildActionMask = 12;
			dstPath = "";
			dstSubfolderSpec = 16;
			files = (
				01993F681FECF0530030CB6E /* day21-input.txt in CopyFiles */,
			);
			runOnlyForDeploymentPostprocessing = 0;
		};
		01A007F91FDA5EBA00FC51C8 /* CopyFiles */ = {
			isa = PBXCopyFilesBuildPhase;
			buildActionMask = 12;
			dstPath = "";
			dstSubfolderSpec = 16;
			files = (
				01A008031FDA5EFF00FC51C8 /* day8-input.txt in CopyFiles */,
			);
			runOnlyForDeploymentPostprocessing = 0;
		};
		01B596661FD5ECBA00FA98DC /* CopyFiles */ = {
			isa = PBXCopyFilesBuildPhase;
			buildActionMask = 12;
			dstPath = "";
			dstSubfolderSpec = 16;
			files = (
				01B596731FD67A9200FA98DC /* day5-input.txt in CopyFiles */,
			);
			runOnlyForDeploymentPostprocessing = 0;
		};
		01B596761FD6859800FA98DC /* CopyFiles */ = {
			isa = PBXCopyFilesBuildPhase;
			buildActionMask = 2147483647;
			dstPath = /usr/share/man/man1/;
			dstSubfolderSpec = 0;
			files = (
			);
			runOnlyForDeploymentPostprocessing = 1;
		};
		01C7804D1FD35FC2008FE5E8 /* CopyFiles */ = {
			isa = PBXCopyFilesBuildPhase;
			buildActionMask = 12;
			dstPath = "";
			dstSubfolderSpec = 16;
			files = (
			);
			runOnlyForDeploymentPostprocessing = 0;
		};
		01C7805A1FD527B8008FE5E8 /* CopyFiles */ = {
			isa = PBXCopyFilesBuildPhase;
			buildActionMask = 12;
			dstPath = "";
			dstSubfolderSpec = 16;
			files = (
				01C780641FD527EB008FE5E8 /* day4-input.txt in CopyFiles */,
			);
			runOnlyForDeploymentPostprocessing = 0;
		};
		01CE2ED51FDDF16E005C71FF /* CopyFiles */ = {
			isa = PBXCopyFilesBuildPhase;
			buildActionMask = 12;
			dstPath = "";
			dstSubfolderSpec = 16;
			files = (
				01CE2EE11FDDF1CD005C71FF /* day9-input.txt in CopyFiles */,
			);
			runOnlyForDeploymentPostprocessing = 0;
		};
		01CE2EE41FDEA458005C71FF /* CopyFiles */ = {
			isa = PBXCopyFilesBuildPhase;
			buildActionMask = 2147483647;
			dstPath = /usr/share/man/man1/;
			dstSubfolderSpec = 0;
			files = (
			);
			runOnlyForDeploymentPostprocessing = 1;
		};
		01CE2EEF1FDF3148005C71FF /* CopyFiles */ = {
			isa = PBXCopyFilesBuildPhase;
			buildActionMask = 12;
			dstPath = "";
			dstSubfolderSpec = 16;
			files = (
				01CE2EF91FDF3E1C005C71FF /* day11-input.txt in CopyFiles */,
			);
			runOnlyForDeploymentPostprocessing = 0;
		};
		01CE2EFC1FDFFEE8005C71FF /* Copy Files */ = {
			isa = PBXCopyFilesBuildPhase;
			buildActionMask = 12;
			dstPath = "";
			dstSubfolderSpec = 16;
			files = (
				01CE2F061FDFFF03005C71FF /* day12-input.txt in Copy Files */,
			);
			name = "Copy Files";
			runOnlyForDeploymentPostprocessing = 0;
		};
		01CE2F091FE07B29005C71FF /* CopyFiles */ = {
			isa = PBXCopyFilesBuildPhase;
			buildActionMask = 12;
			dstPath = "";
			dstSubfolderSpec = 16;
			files = (
				01CE2F131FE114B5005C71FF /* day13-input.txt in CopyFiles */,
			);
			runOnlyForDeploymentPostprocessing = 0;
		};
		01E04A491FCF3F7F00A8D649 /* CopyFiles */ = {
			isa = PBXCopyFilesBuildPhase;
			buildActionMask = 2147483647;
			dstPath = /usr/share/man/man1/;
			dstSubfolderSpec = 0;
			files = (
			);
			runOnlyForDeploymentPostprocessing = 1;
		};
/* End PBXCopyFilesBuildPhase section */

/* Begin PBXFileReference section */
		012087311FE257E40084AA2A /* Day14 */ = {isa = PBXFileReference; explicitFileType = "compiled.mach-o.executable"; includeInIndex = 0; path = Day14; sourceTree = BUILT_PRODUCTS_DIR; };
		012087331FE257E40084AA2A /* main.swift */ = {isa = PBXFileReference; lastKnownFileType = sourcecode.swift; path = main.swift; sourceTree = "<group>"; };
		012087381FE25BD50084AA2A /* String+KnotHash.swift */ = {isa = PBXFileReference; lastKnownFileType = sourcecode.swift; path = "String+KnotHash.swift"; sourceTree = "<group>"; };
		0120873E1FE3B5CF0084AA2A /* Day15 */ = {isa = PBXFileReference; explicitFileType = "compiled.mach-o.executable"; includeInIndex = 0; path = Day15; sourceTree = BUILT_PRODUCTS_DIR; };
		012087401FE3B5CF0084AA2A /* main.swift */ = {isa = PBXFileReference; lastKnownFileType = sourcecode.swift; path = main.swift; sourceTree = "<group>"; };
		014EE7661FEFE3F2005F43ED /* Day24 */ = {isa = PBXFileReference; explicitFileType = "compiled.mach-o.executable"; includeInIndex = 0; path = Day24; sourceTree = BUILT_PRODUCTS_DIR; };
		014EE7681FEFE3F2005F43ED /* main.swift */ = {isa = PBXFileReference; lastKnownFileType = sourcecode.swift; path = main.swift; sourceTree = "<group>"; };
		014EE76D1FEFE40C005F43ED /* day24-input.txt */ = {isa = PBXFileReference; lastKnownFileType = text; path = "day24-input.txt"; sourceTree = "<group>"; };
		014EE7731FF0E58F005F43ED /* Day25 */ = {isa = PBXFileReference; explicitFileType = "compiled.mach-o.executable"; includeInIndex = 0; path = Day25; sourceTree = BUILT_PRODUCTS_DIR; };
		014EE7751FF0E58F005F43ED /* main.swift */ = {isa = PBXFileReference; lastKnownFileType = sourcecode.swift; path = main.swift; sourceTree = "<group>"; };
		014EE77A1FF0E5A4005F43ED /* day25-input.txt */ = {isa = PBXFileReference; lastKnownFileType = text; path = "day25-input.txt"; sourceTree = "<group>"; };
		0154E4331FE46751006BB419 /* Measure.swift */ = {isa = PBXFileReference; lastKnownFileType = sourcecode.swift; path = Measure.swift; sourceTree = "<group>"; };
		015C301E1FE8F2B2003A5090 /* Day19 */ = {isa = PBXFileReference; explicitFileType = "compiled.mach-o.executable"; includeInIndex = 0; path = Day19; sourceTree = BUILT_PRODUCTS_DIR; };
		015C30201FE8F2B2003A5090 /* main.swift */ = {isa = PBXFileReference; lastKnownFileType = sourcecode.swift; path = main.swift; sourceTree = "<group>"; };
		015C30251FE8F2C4003A5090 /* day19-input.txt */ = {isa = PBXFileReference; lastKnownFileType = text; path = "day19-input.txt"; sourceTree = "<group>"; };
		01676D1B1FE659A600CA9F8C /* Day17 */ = {isa = PBXFileReference; explicitFileType = "compiled.mach-o.executable"; includeInIndex = 0; path = Day17; sourceTree = BUILT_PRODUCTS_DIR; };
		01676D1D1FE659A600CA9F8C /* main.swift */ = {isa = PBXFileReference; lastKnownFileType = sourcecode.swift; path = main.swift; sourceTree = "<group>"; };
		01676D261FE7A3A300CA9F8C /* Day18 */ = {isa = PBXFileReference; explicitFileType = "compiled.mach-o.executable"; includeInIndex = 0; path = Day18; sourceTree = BUILT_PRODUCTS_DIR; };
		01676D281FE7A3A300CA9F8C /* main.swift */ = {isa = PBXFileReference; lastKnownFileType = sourcecode.swift; path = main.swift; sourceTree = "<group>"; };
		01676D2D1FE7A3AF00CA9F8C /* day18-input.txt */ = {isa = PBXFileReference; lastKnownFileType = text; path = "day18-input.txt"; sourceTree = "<group>"; };
		0169D52F1FD92D110081D25B /* Day7 */ = {isa = PBXFileReference; explicitFileType = "compiled.mach-o.executable"; includeInIndex = 0; path = Day7; sourceTree = BUILT_PRODUCTS_DIR; };
		0169D5311FD92D110081D25B /* main.swift */ = {isa = PBXFileReference; lastKnownFileType = sourcecode.swift; path = main.swift; sourceTree = "<group>"; };
		0169D5361FD92D3F0081D25B /* day7-input.txt */ = {isa = PBXFileReference; lastKnownFileType = text; path = "day7-input.txt"; sourceTree = "<group>"; };
		0178174F1FED18B80092FDCF /* Day22 */ = {isa = PBXFileReference; explicitFileType = "compiled.mach-o.executable"; includeInIndex = 0; path = Day22; sourceTree = BUILT_PRODUCTS_DIR; };
		017817511FED18B80092FDCF /* main.swift */ = {isa = PBXFileReference; lastKnownFileType = sourcecode.swift; path = main.swift; sourceTree = "<group>"; };
		017817561FED18CA0092FDCF /* day22-input.txt */ = {isa = PBXFileReference; lastKnownFileType = text; path = "day22-input.txt"; sourceTree = "<group>"; };
		017817621FEE9A250092FDCF /* Day23 */ = {isa = PBXFileReference; explicitFileType = "compiled.mach-o.executable"; includeInIndex = 0; path = Day23; sourceTree = BUILT_PRODUCTS_DIR; };
		017817641FEE9A250092FDCF /* main.swift */ = {isa = PBXFileReference; lastKnownFileType = sourcecode.swift; path = main.swift; sourceTree = "<group>"; };
		017817691FEE9A380092FDCF /* day23-input.txt */ = {isa = PBXFileReference; lastKnownFileType = text; path = "day23-input.txt"; sourceTree = "<group>"; };
		0178176F1FEEB72E0092FDCF /* Day23-2 */ = {isa = PBXFileReference; explicitFileType = "compiled.mach-o.executable"; includeInIndex = 0; path = "Day23-2"; sourceTree = BUILT_PRODUCTS_DIR; };
		017817711FEEB72F0092FDCF /* main.swift */ = {isa = PBXFileReference; lastKnownFileType = sourcecode.swift; path = main.swift; sourceTree = "<group>"; };
		017934761FEAE34B0095A24E /* Day20 */ = {isa = PBXFileReference; explicitFileType = "compiled.mach-o.executable"; includeInIndex = 0; path = Day20; sourceTree = BUILT_PRODUCTS_DIR; };
		017934781FEAE34B0095A24E /* main.swift */ = {isa = PBXFileReference; lastKnownFileType = sourcecode.swift; path = main.swift; sourceTree = "<group>"; };
		0179347D1FEAE35B0095A24E /* day20-input.txt */ = {isa = PBXFileReference; lastKnownFileType = text; path = "day20-input.txt"; sourceTree = "<group>"; };
		017998C51FE5051300CA04F0 /* Day16 */ = {isa = PBXFileReference; explicitFileType = "compiled.mach-o.executable"; includeInIndex = 0; path = Day16; sourceTree = BUILT_PRODUCTS_DIR; };
		017998C71FE5051300CA04F0 /* main.swift */ = {isa = PBXFileReference; lastKnownFileType = sourcecode.swift; path = main.swift; sourceTree = "<group>"; };
		017998CC1FE5052100CA04F0 /* day16-input.txt */ = {isa = PBXFileReference; lastKnownFileType = text; path = "day16-input.txt"; sourceTree = "<group>"; };
		0180C2281FD295D900FE0032 /* day2-input.txt */ = {isa = PBXFileReference; fileEncoding = 4; lastKnownFileType = text; path = "day2-input.txt"; sourceTree = "<group>"; };
		01993F601FECF0310030CB6E /* Day21 */ = {isa = PBXFileReference; explicitFileType = "compiled.mach-o.executable"; includeInIndex = 0; path = Day21; sourceTree = BUILT_PRODUCTS_DIR; };
		01993F621FECF0310030CB6E /* main.swift */ = {isa = PBXFileReference; lastKnownFileType = sourcecode.swift; path = main.swift; sourceTree = "<group>"; };
		01993F671FECF0500030CB6E /* day21-input.txt */ = {isa = PBXFileReference; lastKnownFileType = text; path = "day21-input.txt"; sourceTree = "<group>"; };
		01A007FB1FDA5EBA00FC51C8 /* Day8 */ = {isa = PBXFileReference; explicitFileType = "compiled.mach-o.executable"; includeInIndex = 0; path = Day8; sourceTree = BUILT_PRODUCTS_DIR; };
		01A007FD1FDA5EBA00FC51C8 /* main.swift */ = {isa = PBXFileReference; lastKnownFileType = sourcecode.swift; path = main.swift; sourceTree = "<group>"; };
		01A008021FDA5ECD00FC51C8 /* day8-input.txt */ = {isa = PBXFileReference; lastKnownFileType = text; path = "day8-input.txt"; sourceTree = "<group>"; };
		01B596681FD5ECBA00FA98DC /* Day5 */ = {isa = PBXFileReference; explicitFileType = "compiled.mach-o.executable"; includeInIndex = 0; path = Day5; sourceTree = BUILT_PRODUCTS_DIR; };
		01B5966A1FD5ECBA00FA98DC /* main.swift */ = {isa = PBXFileReference; lastKnownFileType = sourcecode.swift; path = main.swift; sourceTree = "<group>"; };
		01B596701FD5F2AE00FA98DC /* Combinations.swift */ = {isa = PBXFileReference; lastKnownFileType = sourcecode.swift; path = Combinations.swift; sourceTree = "<group>"; };
		01B596721FD6783B00FA98DC /* day5-input.txt */ = {isa = PBXFileReference; lastKnownFileType = text; path = "day5-input.txt"; sourceTree = "<group>"; };
		01B596781FD6859800FA98DC /* Day6 */ = {isa = PBXFileReference; explicitFileType = "compiled.mach-o.executable"; includeInIndex = 0; path = Day6; sourceTree = BUILT_PRODUCTS_DIR; };
		01B5967A1FD6859800FA98DC /* main.swift */ = {isa = PBXFileReference; lastKnownFileType = sourcecode.swift; path = main.swift; sourceTree = "<group>"; };
		01C7804F1FD35FC2008FE5E8 /* Day3 */ = {isa = PBXFileReference; explicitFileType = "compiled.mach-o.executable"; includeInIndex = 0; path = Day3; sourceTree = BUILT_PRODUCTS_DIR; };
		01C780511FD35FC2008FE5E8 /* main.swift */ = {isa = PBXFileReference; lastKnownFileType = sourcecode.swift; path = main.swift; sourceTree = "<group>"; };
		01C7805C1FD527B8008FE5E8 /* Day4 */ = {isa = PBXFileReference; explicitFileType = "compiled.mach-o.executable"; includeInIndex = 0; path = Day4; sourceTree = BUILT_PRODUCTS_DIR; };
		01C7805E1FD527B8008FE5E8 /* main.swift */ = {isa = PBXFileReference; lastKnownFileType = sourcecode.swift; path = main.swift; sourceTree = "<group>"; };
		01C780631FD527DE008FE5E8 /* day4-input.txt */ = {isa = PBXFileReference; fileEncoding = 4; lastKnownFileType = text; path = "day4-input.txt"; sourceTree = "<group>"; };
		01CE2ED71FDDF16E005C71FF /* Day9 */ = {isa = PBXFileReference; explicitFileType = "compiled.mach-o.executable"; includeInIndex = 0; path = Day9; sourceTree = BUILT_PRODUCTS_DIR; };
		01CE2ED91FDDF16E005C71FF /* main.swift */ = {isa = PBXFileReference; lastKnownFileType = sourcecode.swift; path = main.swift; sourceTree = "<group>"; };
		01CE2EE01FDDF1C9005C71FF /* day9-input.txt */ = {isa = PBXFileReference; lastKnownFileType = text; path = "day9-input.txt"; sourceTree = "<group>"; };
		01CE2EE61FDEA458005C71FF /* Day10 */ = {isa = PBXFileReference; explicitFileType = "compiled.mach-o.executable"; includeInIndex = 0; path = Day10; sourceTree = BUILT_PRODUCTS_DIR; };
		01CE2EE81FDEA458005C71FF /* main.swift */ = {isa = PBXFileReference; lastKnownFileType = sourcecode.swift; path = main.swift; sourceTree = "<group>"; };
		01CE2EF11FDF3148005C71FF /* Day11 */ = {isa = PBXFileReference; explicitFileType = "compiled.mach-o.executable"; includeInIndex = 0; path = Day11; sourceTree = BUILT_PRODUCTS_DIR; };
		01CE2EF31FDF3148005C71FF /* main.swift */ = {isa = PBXFileReference; lastKnownFileType = sourcecode.swift; path = main.swift; sourceTree = "<group>"; };
		01CE2EF81FDF3A4F005C71FF /* day11-input.txt */ = {isa = PBXFileReference; lastKnownFileType = text; path = "day11-input.txt"; sourceTree = "<group>"; };
		01CE2EFE1FDFFEE8005C71FF /* Day12 */ = {isa = PBXFileReference; explicitFileType = "compiled.mach-o.executable"; includeInIndex = 0; path = Day12; sourceTree = BUILT_PRODUCTS_DIR; };
		01CE2F001FDFFEE8005C71FF /* main.swift */ = {isa = PBXFileReference; lastKnownFileType = sourcecode.swift; path = main.swift; sourceTree = "<group>"; };
		01CE2F051FDFFEF5005C71FF /* day12-input.txt */ = {isa = PBXFileReference; lastKnownFileType = text; path = "day12-input.txt"; sourceTree = "<group>"; };
		01CE2F0B1FE07B29005C71FF /* Day13 */ = {isa = PBXFileReference; explicitFileType = "compiled.mach-o.executable"; includeInIndex = 0; path = Day13; sourceTree = BUILT_PRODUCTS_DIR; };
		01CE2F0D1FE07B29005C71FF /* main.swift */ = {isa = PBXFileReference; lastKnownFileType = sourcecode.swift; path = main.swift; sourceTree = "<group>"; };
		01CE2F121FE11126005C71FF /* day13-input.txt */ = {isa = PBXFileReference; lastKnownFileType = text; path = "day13-input.txt"; sourceTree = "<group>"; };
		01E04A4B1FCF3F7F00A8D649 /* Day1 */ = {isa = PBXFileReference; explicitFileType = "compiled.mach-o.executable"; includeInIndex = 0; path = Day1; sourceTree = BUILT_PRODUCTS_DIR; };
		01E04A4E1FCF3F7F00A8D649 /* main.swift */ = {isa = PBXFileReference; lastKnownFileType = sourcecode.swift; path = main.swift; sourceTree = "<group>"; };
		01F4B69C1FD1EE5300FF615F /* Day2 */ = {isa = PBXFileReference; explicitFileType = "compiled.mach-o.executable"; includeInIndex = 0; path = Day2; sourceTree = BUILT_PRODUCTS_DIR; };
		01F4B69E1FD1EE5300FF615F /* main.swift */ = {isa = PBXFileReference; lastKnownFileType = sourcecode.swift; path = main.swift; sourceTree = "<group>"; };
/* End PBXFileReference section */

/* Begin PBXFrameworksBuildPhase section */
		0120872E1FE257E40084AA2A /* Frameworks */ = {
			isa = PBXFrameworksBuildPhase;
			buildActionMask = 2147483647;
			files = (
			);
			runOnlyForDeploymentPostprocessing = 0;
		};
		0120873B1FE3B5CF0084AA2A /* Frameworks */ = {
			isa = PBXFrameworksBuildPhase;
			buildActionMask = 2147483647;
			files = (
			);
			runOnlyForDeploymentPostprocessing = 0;
		};
		014EE7631FEFE3F2005F43ED /* Frameworks */ = {
			isa = PBXFrameworksBuildPhase;
			buildActionMask = 2147483647;
			files = (
			);
			runOnlyForDeploymentPostprocessing = 0;
		};
		014EE7701FF0E58F005F43ED /* Frameworks */ = {
			isa = PBXFrameworksBuildPhase;
			buildActionMask = 2147483647;
			files = (
			);
			runOnlyForDeploymentPostprocessing = 0;
		};
		015C301B1FE8F2B2003A5090 /* Frameworks */ = {
			isa = PBXFrameworksBuildPhase;
			buildActionMask = 2147483647;
			files = (
			);
			runOnlyForDeploymentPostprocessing = 0;
		};
		01676D181FE659A600CA9F8C /* Frameworks */ = {
			isa = PBXFrameworksBuildPhase;
			buildActionMask = 2147483647;
			files = (
			);
			runOnlyForDeploymentPostprocessing = 0;
		};
		01676D231FE7A3A300CA9F8C /* Frameworks */ = {
			isa = PBXFrameworksBuildPhase;
			buildActionMask = 2147483647;
			files = (
			);
			runOnlyForDeploymentPostprocessing = 0;
		};
		0169D52C1FD92D110081D25B /* Frameworks */ = {
			isa = PBXFrameworksBuildPhase;
			buildActionMask = 2147483647;
			files = (
			);
			runOnlyForDeploymentPostprocessing = 0;
		};
		0178174C1FED18B80092FDCF /* Frameworks */ = {
			isa = PBXFrameworksBuildPhase;
			buildActionMask = 2147483647;
			files = (
			);
			runOnlyForDeploymentPostprocessing = 0;
		};
		0178175F1FEE9A250092FDCF /* Frameworks */ = {
			isa = PBXFrameworksBuildPhase;
			buildActionMask = 2147483647;
			files = (
			);
			runOnlyForDeploymentPostprocessing = 0;
		};
		0178176C1FEEB72E0092FDCF /* Frameworks */ = {
			isa = PBXFrameworksBuildPhase;
			buildActionMask = 2147483647;
			files = (
			);
			runOnlyForDeploymentPostprocessing = 0;
		};
		017934731FEAE34B0095A24E /* Frameworks */ = {
			isa = PBXFrameworksBuildPhase;
			buildActionMask = 2147483647;
			files = (
			);
			runOnlyForDeploymentPostprocessing = 0;
		};
		017998C21FE5051300CA04F0 /* Frameworks */ = {
			isa = PBXFrameworksBuildPhase;
			buildActionMask = 2147483647;
			files = (
			);
			runOnlyForDeploymentPostprocessing = 0;
		};
		01993F5D1FECF0310030CB6E /* Frameworks */ = {
			isa = PBXFrameworksBuildPhase;
			buildActionMask = 2147483647;
			files = (
			);
			runOnlyForDeploymentPostprocessing = 0;
		};
		01A007F81FDA5EBA00FC51C8 /* Frameworks */ = {
			isa = PBXFrameworksBuildPhase;
			buildActionMask = 2147483647;
			files = (
			);
			runOnlyForDeploymentPostprocessing = 0;
		};
		01B596651FD5ECBA00FA98DC /* Frameworks */ = {
			isa = PBXFrameworksBuildPhase;
			buildActionMask = 2147483647;
			files = (
			);
			runOnlyForDeploymentPostprocessing = 0;
		};
		01B596751FD6859800FA98DC /* Frameworks */ = {
			isa = PBXFrameworksBuildPhase;
			buildActionMask = 2147483647;
			files = (
			);
			runOnlyForDeploymentPostprocessing = 0;
		};
		01C7804C1FD35FC2008FE5E8 /* Frameworks */ = {
			isa = PBXFrameworksBuildPhase;
			buildActionMask = 2147483647;
			files = (
			);
			runOnlyForDeploymentPostprocessing = 0;
		};
		01C780591FD527B8008FE5E8 /* Frameworks */ = {
			isa = PBXFrameworksBuildPhase;
			buildActionMask = 2147483647;
			files = (
			);
			runOnlyForDeploymentPostprocessing = 0;
		};
		01CE2ED41FDDF16E005C71FF /* Frameworks */ = {
			isa = PBXFrameworksBuildPhase;
			buildActionMask = 2147483647;
			files = (
			);
			runOnlyForDeploymentPostprocessing = 0;
		};
		01CE2EE31FDEA458005C71FF /* Frameworks */ = {
			isa = PBXFrameworksBuildPhase;
			buildActionMask = 2147483647;
			files = (
			);
			runOnlyForDeploymentPostprocessing = 0;
		};
		01CE2EEE1FDF3148005C71FF /* Frameworks */ = {
			isa = PBXFrameworksBuildPhase;
			buildActionMask = 2147483647;
			files = (
			);
			runOnlyForDeploymentPostprocessing = 0;
		};
		01CE2EFB1FDFFEE8005C71FF /* Frameworks */ = {
			isa = PBXFrameworksBuildPhase;
			buildActionMask = 2147483647;
			files = (
			);
			runOnlyForDeploymentPostprocessing = 0;
		};
		01CE2F081FE07B29005C71FF /* Frameworks */ = {
			isa = PBXFrameworksBuildPhase;
			buildActionMask = 2147483647;
			files = (
			);
			runOnlyForDeploymentPostprocessing = 0;
		};
		01E04A481FCF3F7F00A8D649 /* Frameworks */ = {
			isa = PBXFrameworksBuildPhase;
			buildActionMask = 2147483647;
			files = (
			);
			runOnlyForDeploymentPostprocessing = 0;
		};
		01F4B6991FD1EE5300FF615F /* Frameworks */ = {
			isa = PBXFrameworksBuildPhase;
			buildActionMask = 2147483647;
			files = (
			);
			runOnlyForDeploymentPostprocessing = 0;
		};
/* End PBXFrameworksBuildPhase section */

/* Begin PBXGroup section */
		012087321FE257E40084AA2A /* Day14 */ = {
			isa = PBXGroup;
			children = (
				012087331FE257E40084AA2A /* main.swift */,
			);
			path = Day14;
			sourceTree = "<group>";
		};
		0120873F1FE3B5CF0084AA2A /* Day15 */ = {
			isa = PBXGroup;
			children = (
				012087401FE3B5CF0084AA2A /* main.swift */,
			);
			path = Day15;
			sourceTree = "<group>";
		};
		014EE7671FEFE3F2005F43ED /* Day24 */ = {
			isa = PBXGroup;
			children = (
				014EE76D1FEFE40C005F43ED /* day24-input.txt */,
				014EE7681FEFE3F2005F43ED /* main.swift */,
			);
			path = Day24;
			sourceTree = "<group>";
		};
		014EE7741FF0E58F005F43ED /* Day25 */ = {
			isa = PBXGroup;
			children = (
				014EE77A1FF0E5A4005F43ED /* day25-input.txt */,
				014EE7751FF0E58F005F43ED /* main.swift */,
			);
			path = Day25;
			sourceTree = "<group>";
		};
		015C301F1FE8F2B2003A5090 /* Day19 */ = {
			isa = PBXGroup;
			children = (
				015C30251FE8F2C4003A5090 /* day19-input.txt */,
				015C30201FE8F2B2003A5090 /* main.swift */,
			);
			path = Day19;
			sourceTree = "<group>";
		};
		01676D1C1FE659A600CA9F8C /* Day17 */ = {
			isa = PBXGroup;
			children = (
				01676D1D1FE659A600CA9F8C /* main.swift */,
			);
			path = Day17;
			sourceTree = "<group>";
		};
		01676D271FE7A3A300CA9F8C /* Day18 */ = {
			isa = PBXGroup;
			children = (
				01676D2D1FE7A3AF00CA9F8C /* day18-input.txt */,
				01676D281FE7A3A300CA9F8C /* main.swift */,
			);
			path = Day18;
			sourceTree = "<group>";
		};
		0169D5301FD92D110081D25B /* Day7 */ = {
			isa = PBXGroup;
			children = (
				0169D5311FD92D110081D25B /* main.swift */,
				0169D5361FD92D3F0081D25B /* day7-input.txt */,
			);
			path = Day7;
			sourceTree = "<group>";
		};
		017817501FED18B80092FDCF /* Day22 */ = {
			isa = PBXGroup;
			children = (
				017817561FED18CA0092FDCF /* day22-input.txt */,
				017817511FED18B80092FDCF /* main.swift */,
			);
			path = Day22;
			sourceTree = "<group>";
		};
		017817631FEE9A250092FDCF /* Day23 */ = {
			isa = PBXGroup;
			children = (
				017817691FEE9A380092FDCF /* day23-input.txt */,
				017817641FEE9A250092FDCF /* main.swift */,
			);
			path = Day23;
			sourceTree = "<group>";
		};
		017817701FEEB72F0092FDCF /* Day23-2 */ = {
			isa = PBXGroup;
			children = (
				017817711FEEB72F0092FDCF /* main.swift */,
			);
			path = "Day23-2";
			sourceTree = "<group>";
		};
		017934771FEAE34B0095A24E /* Day20 */ = {
			isa = PBXGroup;
			children = (
				0179347D1FEAE35B0095A24E /* day20-input.txt */,
				017934781FEAE34B0095A24E /* main.swift */,
			);
			path = Day20;
			sourceTree = "<group>";
		};
		017998C61FE5051300CA04F0 /* Day16 */ = {
			isa = PBXGroup;
			children = (
				017998C71FE5051300CA04F0 /* main.swift */,
				017998CC1FE5052100CA04F0 /* day16-input.txt */,
			);
			path = Day16;
			sourceTree = "<group>";
		};
		017998CD1FE5052A00CA04F0 /* Frameworks */ = {
			isa = PBXGroup;
			children = (
			);
			name = Frameworks;
			sourceTree = "<group>";
		};
		01993F611FECF0310030CB6E /* Day21 */ = {
			isa = PBXGroup;
			children = (
				01993F671FECF0500030CB6E /* day21-input.txt */,
				01993F621FECF0310030CB6E /* main.swift */,
			);
			path = Day21;
			sourceTree = "<group>";
		};
		01A007FC1FDA5EBA00FC51C8 /* Day8 */ = {
			isa = PBXGroup;
			children = (
				01A007FD1FDA5EBA00FC51C8 /* main.swift */,
				01A008021FDA5ECD00FC51C8 /* day8-input.txt */,
			);
			path = Day8;
			sourceTree = "<group>";
		};
		01B596691FD5ECBA00FA98DC /* Day5 */ = {
			isa = PBXGroup;
			children = (
				01B5966A1FD5ECBA00FA98DC /* main.swift */,
				01B596721FD6783B00FA98DC /* day5-input.txt */,
			);
			path = Day5;
			sourceTree = "<group>";
		};
		01B5966F1FD5F29900FA98DC /* Shared */ = {
			isa = PBXGroup;
			children = (
				01B596701FD5F2AE00FA98DC /* Combinations.swift */,
				012087381FE25BD50084AA2A /* String+KnotHash.swift */,
				0154E4331FE46751006BB419 /* Measure.swift */,
			);
			path = Shared;
			sourceTree = "<group>";
		};
		01B596791FD6859800FA98DC /* Day6 */ = {
			isa = PBXGroup;
			children = (
				01B5967A1FD6859800FA98DC /* main.swift */,
			);
			path = Day6;
			sourceTree = "<group>";
		};
		01C780501FD35FC2008FE5E8 /* Day3 */ = {
			isa = PBXGroup;
			children = (
				01C780511FD35FC2008FE5E8 /* main.swift */,
			);
			path = Day3;
			sourceTree = "<group>";
		};
		01C7805D1FD527B8008FE5E8 /* Day4 */ = {
			isa = PBXGroup;
			children = (
				01C7805E1FD527B8008FE5E8 /* main.swift */,
				01C780631FD527DE008FE5E8 /* day4-input.txt */,
			);
			path = Day4;
			sourceTree = "<group>";
		};
		01CE2ED81FDDF16E005C71FF /* Day9 */ = {
			isa = PBXGroup;
			children = (
				01CE2ED91FDDF16E005C71FF /* main.swift */,
				01CE2EE01FDDF1C9005C71FF /* day9-input.txt */,
			);
			path = Day9;
			sourceTree = "<group>";
		};
		01CE2EE71FDEA458005C71FF /* Day10 */ = {
			isa = PBXGroup;
			children = (
				01CE2EE81FDEA458005C71FF /* main.swift */,
			);
			path = Day10;
			sourceTree = "<group>";
		};
		01CE2EF21FDF3148005C71FF /* Day11 */ = {
			isa = PBXGroup;
			children = (
				01CE2EF31FDF3148005C71FF /* main.swift */,
				01CE2EF81FDF3A4F005C71FF /* day11-input.txt */,
			);
			path = Day11;
			sourceTree = "<group>";
		};
		01CE2EFF1FDFFEE8005C71FF /* Day12 */ = {
			isa = PBXGroup;
			children = (
				01CE2F001FDFFEE8005C71FF /* main.swift */,
				01CE2F051FDFFEF5005C71FF /* day12-input.txt */,
			);
			path = Day12;
			sourceTree = "<group>";
		};
		01CE2F0C1FE07B29005C71FF /* Day13 */ = {
			isa = PBXGroup;
			children = (
				01CE2F0D1FE07B29005C71FF /* main.swift */,
				01CE2F121FE11126005C71FF /* day13-input.txt */,
			);
			path = Day13;
			sourceTree = "<group>";
		};
		01E04A421FCF3F7F00A8D649 = {
			isa = PBXGroup;
			children = (
				01B5966F1FD5F29900FA98DC /* Shared */,
				01E04A4D1FCF3F7F00A8D649 /* Day1 */,
				01F4B69D1FD1EE5300FF615F /* Day2 */,
				01C780501FD35FC2008FE5E8 /* Day3 */,
				01C7805D1FD527B8008FE5E8 /* Day4 */,
				01B596691FD5ECBA00FA98DC /* Day5 */,
				01B596791FD6859800FA98DC /* Day6 */,
				0169D5301FD92D110081D25B /* Day7 */,
				01A007FC1FDA5EBA00FC51C8 /* Day8 */,
				01CE2ED81FDDF16E005C71FF /* Day9 */,
				01CE2EE71FDEA458005C71FF /* Day10 */,
				01CE2EF21FDF3148005C71FF /* Day11 */,
				01CE2EFF1FDFFEE8005C71FF /* Day12 */,
				01CE2F0C1FE07B29005C71FF /* Day13 */,
				012087321FE257E40084AA2A /* Day14 */,
				0120873F1FE3B5CF0084AA2A /* Day15 */,
				017998C61FE5051300CA04F0 /* Day16 */,
				01676D1C1FE659A600CA9F8C /* Day17 */,
				01676D271FE7A3A300CA9F8C /* Day18 */,
				015C301F1FE8F2B2003A5090 /* Day19 */,
				017934771FEAE34B0095A24E /* Day20 */,
				01993F611FECF0310030CB6E /* Day21 */,
				017817501FED18B80092FDCF /* Day22 */,
				017817631FEE9A250092FDCF /* Day23 */,
				017817701FEEB72F0092FDCF /* Day23-2 */,
				014EE7671FEFE3F2005F43ED /* Day24 */,
				014EE7741FF0E58F005F43ED /* Day25 */,
				01E04A4C1FCF3F7F00A8D649 /* Products */,
				017998CD1FE5052A00CA04F0 /* Frameworks */,
			);
			sourceTree = "<group>";
		};
		01E04A4C1FCF3F7F00A8D649 /* Products */ = {
			isa = PBXGroup;
			children = (
				01E04A4B1FCF3F7F00A8D649 /* Day1 */,
				01F4B69C1FD1EE5300FF615F /* Day2 */,
				01C7804F1FD35FC2008FE5E8 /* Day3 */,
				01C7805C1FD527B8008FE5E8 /* Day4 */,
				01B596681FD5ECBA00FA98DC /* Day5 */,
				01B596781FD6859800FA98DC /* Day6 */,
				0169D52F1FD92D110081D25B /* Day7 */,
				01A007FB1FDA5EBA00FC51C8 /* Day8 */,
				01CE2ED71FDDF16E005C71FF /* Day9 */,
				01CE2EE61FDEA458005C71FF /* Day10 */,
				01CE2EF11FDF3148005C71FF /* Day11 */,
				01CE2EFE1FDFFEE8005C71FF /* Day12 */,
				01CE2F0B1FE07B29005C71FF /* Day13 */,
				012087311FE257E40084AA2A /* Day14 */,
				0120873E1FE3B5CF0084AA2A /* Day15 */,
				017998C51FE5051300CA04F0 /* Day16 */,
				01676D1B1FE659A600CA9F8C /* Day17 */,
				01676D261FE7A3A300CA9F8C /* Day18 */,
				015C301E1FE8F2B2003A5090 /* Day19 */,
				017934761FEAE34B0095A24E /* Day20 */,
				01993F601FECF0310030CB6E /* Day21 */,
				0178174F1FED18B80092FDCF /* Day22 */,
				017817621FEE9A250092FDCF /* Day23 */,
				0178176F1FEEB72E0092FDCF /* Day23-2 */,
				014EE7661FEFE3F2005F43ED /* Day24 */,
				014EE7731FF0E58F005F43ED /* Day25 */,
			);
			name = Products;
			sourceTree = "<group>";
		};
		01E04A4D1FCF3F7F00A8D649 /* Day1 */ = {
			isa = PBXGroup;
			children = (
				01E04A4E1FCF3F7F00A8D649 /* main.swift */,
			);
			path = Day1;
			sourceTree = "<group>";
		};
		01F4B69D1FD1EE5300FF615F /* Day2 */ = {
			isa = PBXGroup;
			children = (
				01F4B69E1FD1EE5300FF615F /* main.swift */,
				0180C2281FD295D900FE0032 /* day2-input.txt */,
			);
			path = Day2;
			sourceTree = "<group>";
		};
/* End PBXGroup section */

/* Begin PBXNativeTarget section */
		012087301FE257E40084AA2A /* Day14 */ = {
			isa = PBXNativeTarget;
			buildConfigurationList = 012087371FE257E40084AA2A /* Build configuration list for PBXNativeTarget "Day14" */;
			buildPhases = (
				0120872D1FE257E40084AA2A /* Sources */,
				0120872E1FE257E40084AA2A /* Frameworks */,
				0120872F1FE257E40084AA2A /* CopyFiles */,
			);
			buildRules = (
			);
			dependencies = (
			);
			name = Day14;
			productName = Day14;
			productReference = 012087311FE257E40084AA2A /* Day14 */;
			productType = "com.apple.product-type.tool";
		};
		0120873D1FE3B5CF0084AA2A /* Day15 */ = {
			isa = PBXNativeTarget;
			buildConfigurationList = 012087421FE3B5CF0084AA2A /* Build configuration list for PBXNativeTarget "Day15" */;
			buildPhases = (
				0120873A1FE3B5CF0084AA2A /* Sources */,
				0120873B1FE3B5CF0084AA2A /* Frameworks */,
				0120873C1FE3B5CF0084AA2A /* CopyFiles */,
			);
			buildRules = (
			);
			dependencies = (
			);
			name = Day15;
			productName = Day15;
			productReference = 0120873E1FE3B5CF0084AA2A /* Day15 */;
			productType = "com.apple.product-type.tool";
		};
		014EE7651FEFE3F2005F43ED /* Day24 */ = {
			isa = PBXNativeTarget;
			buildConfigurationList = 014EE76C1FEFE3F2005F43ED /* Build configuration list for PBXNativeTarget "Day24" */;
			buildPhases = (
				014EE7621FEFE3F2005F43ED /* Sources */,
				014EE7631FEFE3F2005F43ED /* Frameworks */,
				014EE7641FEFE3F2005F43ED /* CopyFiles */,
			);
			buildRules = (
			);
			dependencies = (
			);
			name = Day24;
			productName = Day24;
			productReference = 014EE7661FEFE3F2005F43ED /* Day24 */;
			productType = "com.apple.product-type.tool";
		};
		014EE7721FF0E58F005F43ED /* Day25 */ = {
			isa = PBXNativeTarget;
			buildConfigurationList = 014EE7771FF0E58F005F43ED /* Build configuration list for PBXNativeTarget "Day25" */;
			buildPhases = (
				014EE76F1FF0E58F005F43ED /* Sources */,
				014EE7701FF0E58F005F43ED /* Frameworks */,
				014EE7711FF0E58F005F43ED /* CopyFiles */,
			);
			buildRules = (
			);
			dependencies = (
			);
			name = Day25;
			productName = Day25;
			productReference = 014EE7731FF0E58F005F43ED /* Day25 */;
			productType = "com.apple.product-type.tool";
		};
		015C301D1FE8F2B2003A5090 /* Day19 */ = {
			isa = PBXNativeTarget;
			buildConfigurationList = 015C30241FE8F2B2003A5090 /* Build configuration list for PBXNativeTarget "Day19" */;
			buildPhases = (
				015C301A1FE8F2B2003A5090 /* Sources */,
				015C301B1FE8F2B2003A5090 /* Frameworks */,
				015C301C1FE8F2B2003A5090 /* CopyFiles */,
			);
			buildRules = (
			);
			dependencies = (
			);
			name = Day19;
			productName = Day19;
			productReference = 015C301E1FE8F2B2003A5090 /* Day19 */;
			productType = "com.apple.product-type.tool";
		};
		01676D1A1FE659A600CA9F8C /* Day17 */ = {
			isa = PBXNativeTarget;
			buildConfigurationList = 01676D1F1FE659A600CA9F8C /* Build configuration list for PBXNativeTarget "Day17" */;
			buildPhases = (
				01676D171FE659A600CA9F8C /* Sources */,
				01676D181FE659A600CA9F8C /* Frameworks */,
				01676D191FE659A600CA9F8C /* CopyFiles */,
			);
			buildRules = (
			);
			dependencies = (
			);
			name = Day17;
			productName = Day17;
			productReference = 01676D1B1FE659A600CA9F8C /* Day17 */;
			productType = "com.apple.product-type.tool";
		};
		01676D251FE7A3A300CA9F8C /* Day18 */ = {
			isa = PBXNativeTarget;
			buildConfigurationList = 01676D2A1FE7A3A300CA9F8C /* Build configuration list for PBXNativeTarget "Day18" */;
			buildPhases = (
				01676D221FE7A3A300CA9F8C /* Sources */,
				01676D231FE7A3A300CA9F8C /* Frameworks */,
				01676D241FE7A3A300CA9F8C /* CopyFiles */,
			);
			buildRules = (
			);
			dependencies = (
			);
			name = Day18;
			productName = Day18;
			productReference = 01676D261FE7A3A300CA9F8C /* Day18 */;
			productType = "com.apple.product-type.tool";
		};
		0169D52E1FD92D110081D25B /* Day7 */ = {
			isa = PBXNativeTarget;
			buildConfigurationList = 0169D5331FD92D110081D25B /* Build configuration list for PBXNativeTarget "Day7" */;
			buildPhases = (
				0169D52B1FD92D110081D25B /* Sources */,
				0169D52C1FD92D110081D25B /* Frameworks */,
				0169D52D1FD92D110081D25B /* CopyFiles */,
			);
			buildRules = (
			);
			dependencies = (
			);
			name = Day7;
			productName = Day7;
			productReference = 0169D52F1FD92D110081D25B /* Day7 */;
			productType = "com.apple.product-type.tool";
		};
		0178174E1FED18B80092FDCF /* Day22 */ = {
			isa = PBXNativeTarget;
			buildConfigurationList = 017817531FED18B80092FDCF /* Build configuration list for PBXNativeTarget "Day22" */;
			buildPhases = (
				0178174B1FED18B80092FDCF /* Sources */,
				0178174C1FED18B80092FDCF /* Frameworks */,
				0178174D1FED18B80092FDCF /* CopyFiles */,
			);
			buildRules = (
			);
			dependencies = (
			);
			name = Day22;
			productName = Day22;
			productReference = 0178174F1FED18B80092FDCF /* Day22 */;
			productType = "com.apple.product-type.tool";
		};
		017817611FEE9A250092FDCF /* Day23 */ = {
			isa = PBXNativeTarget;
			buildConfigurationList = 017817681FEE9A250092FDCF /* Build configuration list for PBXNativeTarget "Day23" */;
			buildPhases = (
				0178175E1FEE9A250092FDCF /* Sources */,
				0178175F1FEE9A250092FDCF /* Frameworks */,
				017817601FEE9A250092FDCF /* CopyFiles */,
			);
			buildRules = (
			);
			dependencies = (
			);
			name = Day23;
			productName = Day23;
			productReference = 017817621FEE9A250092FDCF /* Day23 */;
			productType = "com.apple.product-type.tool";
		};
		0178176E1FEEB72E0092FDCF /* Day23-2 */ = {
			isa = PBXNativeTarget;
			buildConfigurationList = 017817731FEEB72F0092FDCF /* Build configuration list for PBXNativeTarget "Day23-2" */;
			buildPhases = (
				0178176B1FEEB72E0092FDCF /* Sources */,
				0178176C1FEEB72E0092FDCF /* Frameworks */,
				0178176D1FEEB72E0092FDCF /* CopyFiles */,
			);
			buildRules = (
			);
			dependencies = (
			);
			name = "Day23-2";
			productName = "Day23-2";
			productReference = 0178176F1FEEB72E0092FDCF /* Day23-2 */;
			productType = "com.apple.product-type.tool";
		};
		017934751FEAE34B0095A24E /* Day20 */ = {
			isa = PBXNativeTarget;
			buildConfigurationList = 0179347C1FEAE34B0095A24E /* Build configuration list for PBXNativeTarget "Day20" */;
			buildPhases = (
				017934721FEAE34B0095A24E /* Sources */,
				017934731FEAE34B0095A24E /* Frameworks */,
				017934741FEAE34B0095A24E /* CopyFiles */,
			);
			buildRules = (
			);
			dependencies = (
			);
			name = Day20;
			productName = Day20;
			productReference = 017934761FEAE34B0095A24E /* Day20 */;
			productType = "com.apple.product-type.tool";
		};
		017998C41FE5051300CA04F0 /* Day16 */ = {
			isa = PBXNativeTarget;
			buildConfigurationList = 017998CB1FE5051300CA04F0 /* Build configuration list for PBXNativeTarget "Day16" */;
			buildPhases = (
				017998C11FE5051300CA04F0 /* Sources */,
				017998C21FE5051300CA04F0 /* Frameworks */,
				017998C31FE5051300CA04F0 /* CopyFiles */,
			);
			buildRules = (
			);
			dependencies = (
			);
			name = Day16;
			productName = Day16;
			productReference = 017998C51FE5051300CA04F0 /* Day16 */;
			productType = "com.apple.product-type.tool";
		};
		01993F5F1FECF0310030CB6E /* Day21 */ = {
			isa = PBXNativeTarget;
			buildConfigurationList = 01993F661FECF0310030CB6E /* Build configuration list for PBXNativeTarget "Day21" */;
			buildPhases = (
				01993F5C1FECF0310030CB6E /* Sources */,
				01993F5D1FECF0310030CB6E /* Frameworks */,
				01993F5E1FECF0310030CB6E /* CopyFiles */,
			);
			buildRules = (
			);
			dependencies = (
			);
			name = Day21;
			productName = Day21;
			productReference = 01993F601FECF0310030CB6E /* Day21 */;
			productType = "com.apple.product-type.tool";
		};
		01A007FA1FDA5EBA00FC51C8 /* Day8 */ = {
			isa = PBXNativeTarget;
			buildConfigurationList = 01A008011FDA5EBA00FC51C8 /* Build configuration list for PBXNativeTarget "Day8" */;
			buildPhases = (
				01A007F71FDA5EBA00FC51C8 /* Sources */,
				01A007F81FDA5EBA00FC51C8 /* Frameworks */,
				01A007F91FDA5EBA00FC51C8 /* CopyFiles */,
			);
			buildRules = (
			);
			dependencies = (
			);
			name = Day8;
			productName = Day8;
			productReference = 01A007FB1FDA5EBA00FC51C8 /* Day8 */;
			productType = "com.apple.product-type.tool";
		};
		01B596671FD5ECBA00FA98DC /* Day5 */ = {
			isa = PBXNativeTarget;
			buildConfigurationList = 01B5966E1FD5ECBA00FA98DC /* Build configuration list for PBXNativeTarget "Day5" */;
			buildPhases = (
				01B596641FD5ECBA00FA98DC /* Sources */,
				01B596651FD5ECBA00FA98DC /* Frameworks */,
				01B596661FD5ECBA00FA98DC /* CopyFiles */,
			);
			buildRules = (
			);
			dependencies = (
			);
			name = Day5;
			productName = Day5;
			productReference = 01B596681FD5ECBA00FA98DC /* Day5 */;
			productType = "com.apple.product-type.tool";
		};
		01B596771FD6859800FA98DC /* Day6 */ = {
			isa = PBXNativeTarget;
			buildConfigurationList = 01B5967C1FD6859800FA98DC /* Build configuration list for PBXNativeTarget "Day6" */;
			buildPhases = (
				01B596741FD6859800FA98DC /* Sources */,
				01B596751FD6859800FA98DC /* Frameworks */,
				01B596761FD6859800FA98DC /* CopyFiles */,
			);
			buildRules = (
			);
			dependencies = (
			);
			name = Day6;
			productName = Day6;
			productReference = 01B596781FD6859800FA98DC /* Day6 */;
			productType = "com.apple.product-type.tool";
		};
		01C7804E1FD35FC2008FE5E8 /* Day3 */ = {
			isa = PBXNativeTarget;
			buildConfigurationList = 01C780551FD35FC2008FE5E8 /* Build configuration list for PBXNativeTarget "Day3" */;
			buildPhases = (
				01C7804B1FD35FC2008FE5E8 /* Sources */,
				01C7804C1FD35FC2008FE5E8 /* Frameworks */,
				01C7804D1FD35FC2008FE5E8 /* CopyFiles */,
			);
			buildRules = (
			);
			dependencies = (
			);
			name = Day3;
			productName = Day3;
			productReference = 01C7804F1FD35FC2008FE5E8 /* Day3 */;
			productType = "com.apple.product-type.tool";
		};
		01C7805B1FD527B8008FE5E8 /* Day4 */ = {
			isa = PBXNativeTarget;
			buildConfigurationList = 01C780601FD527B8008FE5E8 /* Build configuration list for PBXNativeTarget "Day4" */;
			buildPhases = (
				01C780581FD527B8008FE5E8 /* Sources */,
				01C780591FD527B8008FE5E8 /* Frameworks */,
				01C7805A1FD527B8008FE5E8 /* CopyFiles */,
			);
			buildRules = (
			);
			dependencies = (
			);
			name = Day4;
			productName = Day4;
			productReference = 01C7805C1FD527B8008FE5E8 /* Day4 */;
			productType = "com.apple.product-type.tool";
		};
		01CE2ED61FDDF16E005C71FF /* Day9 */ = {
			isa = PBXNativeTarget;
			buildConfigurationList = 01CE2EDD1FDDF16E005C71FF /* Build configuration list for PBXNativeTarget "Day9" */;
			buildPhases = (
				01CE2ED31FDDF16E005C71FF /* Sources */,
				01CE2ED41FDDF16E005C71FF /* Frameworks */,
				01CE2ED51FDDF16E005C71FF /* CopyFiles */,
			);
			buildRules = (
			);
			dependencies = (
			);
			name = Day9;
			productName = Day9;
			productReference = 01CE2ED71FDDF16E005C71FF /* Day9 */;
			productType = "com.apple.product-type.tool";
		};
		01CE2EE51FDEA458005C71FF /* Day10 */ = {
			isa = PBXNativeTarget;
			buildConfigurationList = 01CE2EEA1FDEA458005C71FF /* Build configuration list for PBXNativeTarget "Day10" */;
			buildPhases = (
				01CE2EE21FDEA458005C71FF /* Sources */,
				01CE2EE31FDEA458005C71FF /* Frameworks */,
				01CE2EE41FDEA458005C71FF /* CopyFiles */,
			);
			buildRules = (
			);
			dependencies = (
			);
			name = Day10;
			productName = Day10;
			productReference = 01CE2EE61FDEA458005C71FF /* Day10 */;
			productType = "com.apple.product-type.tool";
		};
		01CE2EF01FDF3148005C71FF /* Day11 */ = {
			isa = PBXNativeTarget;
			buildConfigurationList = 01CE2EF51FDF3148005C71FF /* Build configuration list for PBXNativeTarget "Day11" */;
			buildPhases = (
				01CE2EED1FDF3148005C71FF /* Sources */,
				01CE2EEE1FDF3148005C71FF /* Frameworks */,
				01CE2EEF1FDF3148005C71FF /* CopyFiles */,
			);
			buildRules = (
			);
			dependencies = (
			);
			name = Day11;
			productName = Day11;
			productReference = 01CE2EF11FDF3148005C71FF /* Day11 */;
			productType = "com.apple.product-type.tool";
		};
		01CE2EFD1FDFFEE8005C71FF /* Day12 */ = {
			isa = PBXNativeTarget;
			buildConfigurationList = 01CE2F021FDFFEE8005C71FF /* Build configuration list for PBXNativeTarget "Day12" */;
			buildPhases = (
				01CE2EFA1FDFFEE8005C71FF /* Sources */,
				01CE2EFB1FDFFEE8005C71FF /* Frameworks */,
				01CE2EFC1FDFFEE8005C71FF /* Copy Files */,
			);
			buildRules = (
			);
			dependencies = (
			);
			name = Day12;
			productName = Day12;
			productReference = 01CE2EFE1FDFFEE8005C71FF /* Day12 */;
			productType = "com.apple.product-type.tool";
		};
		01CE2F0A1FE07B29005C71FF /* Day13 */ = {
			isa = PBXNativeTarget;
			buildConfigurationList = 01CE2F0F1FE07B29005C71FF /* Build configuration list for PBXNativeTarget "Day13" */;
			buildPhases = (
				01CE2F071FE07B29005C71FF /* Sources */,
				01CE2F081FE07B29005C71FF /* Frameworks */,
				01CE2F091FE07B29005C71FF /* CopyFiles */,
			);
			buildRules = (
			);
			dependencies = (
			);
			name = Day13;
			productName = Day13;
			productReference = 01CE2F0B1FE07B29005C71FF /* Day13 */;
			productType = "com.apple.product-type.tool";
		};
		01E04A4A1FCF3F7F00A8D649 /* Day1 */ = {
			isa = PBXNativeTarget;
			buildConfigurationList = 01E04A521FCF3F7F00A8D649 /* Build configuration list for PBXNativeTarget "Day1" */;
			buildPhases = (
				01E04A471FCF3F7F00A8D649 /* Sources */,
				01E04A481FCF3F7F00A8D649 /* Frameworks */,
				01E04A491FCF3F7F00A8D649 /* CopyFiles */,
			);
			buildRules = (
			);
			dependencies = (
			);
			name = Day1;
			productName = AdventOfCode2017;
			productReference = 01E04A4B1FCF3F7F00A8D649 /* Day1 */;
			productType = "com.apple.product-type.tool";
		};
		01F4B69B1FD1EE5300FF615F /* Day2 */ = {
			isa = PBXNativeTarget;
			buildConfigurationList = 01F4B6A21FD1EE5300FF615F /* Build configuration list for PBXNativeTarget "Day2" */;
			buildPhases = (
				01F4B6981FD1EE5300FF615F /* Sources */,
				01F4B6991FD1EE5300FF615F /* Frameworks */,
				0180C2241FD2941B00FE0032 /* CopyFiles */,
			);
			buildRules = (
			);
			dependencies = (
			);
			name = Day2;
			productName = Day2;
			productReference = 01F4B69C1FD1EE5300FF615F /* Day2 */;
			productType = "com.apple.product-type.tool";
		};
/* End PBXNativeTarget section */

/* Begin PBXProject section */
		01E04A431FCF3F7F00A8D649 /* Project object */ = {
			isa = PBXProject;
			attributes = {
				LastSwiftUpdateCheck = 0920;
				LastUpgradeCheck = 0910;
				ORGANIZATIONNAME = Awesomation;
				TargetAttributes = {
					012087301FE257E40084AA2A = {
						CreatedOnToolsVersion = 9.2;
						ProvisioningStyle = Automatic;
					};
					0120873D1FE3B5CF0084AA2A = {
						CreatedOnToolsVersion = 9.2;
						ProvisioningStyle = Automatic;
					};
					014EE7651FEFE3F2005F43ED = {
						CreatedOnToolsVersion = 9.2;
						ProvisioningStyle = Automatic;
					};
					014EE7721FF0E58F005F43ED = {
						CreatedOnToolsVersion = 9.2;
						ProvisioningStyle = Automatic;
					};
					015C301D1FE8F2B2003A5090 = {
						CreatedOnToolsVersion = 9.2;
						ProvisioningStyle = Automatic;
					};
					01676D1A1FE659A600CA9F8C = {
						CreatedOnToolsVersion = 9.2;
						ProvisioningStyle = Automatic;
					};
					01676D251FE7A3A300CA9F8C = {
						CreatedOnToolsVersion = 9.2;
						ProvisioningStyle = Automatic;
					};
					0169D52E1FD92D110081D25B = {
						CreatedOnToolsVersion = 9.2;
						ProvisioningStyle = Automatic;
					};
					0178174E1FED18B80092FDCF = {
						CreatedOnToolsVersion = 9.2;
						ProvisioningStyle = Automatic;
					};
					017817611FEE9A250092FDCF = {
						CreatedOnToolsVersion = 9.2;
						ProvisioningStyle = Automatic;
					};
					0178176E1FEEB72E0092FDCF = {
						CreatedOnToolsVersion = 9.2;
						ProvisioningStyle = Automatic;
					};
					017934751FEAE34B0095A24E = {
						CreatedOnToolsVersion = 9.2;
						ProvisioningStyle = Automatic;
					};
					017998C41FE5051300CA04F0 = {
						CreatedOnToolsVersion = 9.2;
						ProvisioningStyle = Automatic;
					};
					01993F5F1FECF0310030CB6E = {
						CreatedOnToolsVersion = 9.2;
						ProvisioningStyle = Automatic;
					};
					01A007FA1FDA5EBA00FC51C8 = {
						CreatedOnToolsVersion = 9.2;
						ProvisioningStyle = Automatic;
					};
					01B596671FD5ECBA00FA98DC = {
						CreatedOnToolsVersion = 9.2;
						ProvisioningStyle = Automatic;
					};
					01B596771FD6859800FA98DC = {
						CreatedOnToolsVersion = 9.2;
						ProvisioningStyle = Automatic;
					};
					01C7804E1FD35FC2008FE5E8 = {
						CreatedOnToolsVersion = 9.1;
						ProvisioningStyle = Automatic;
					};
					01C7805B1FD527B8008FE5E8 = {
						CreatedOnToolsVersion = 9.1;
						ProvisioningStyle = Automatic;
					};
					01CE2ED61FDDF16E005C71FF = {
						CreatedOnToolsVersion = 9.2;
						ProvisioningStyle = Automatic;
					};
					01CE2EE51FDEA458005C71FF = {
						CreatedOnToolsVersion = 9.2;
						ProvisioningStyle = Automatic;
					};
					01CE2EF01FDF3148005C71FF = {
						CreatedOnToolsVersion = 9.2;
						ProvisioningStyle = Automatic;
					};
					01CE2EFD1FDFFEE8005C71FF = {
						CreatedOnToolsVersion = 9.2;
						ProvisioningStyle = Automatic;
					};
					01CE2F0A1FE07B29005C71FF = {
						CreatedOnToolsVersion = 9.2;
						ProvisioningStyle = Automatic;
					};
					01E04A4A1FCF3F7F00A8D649 = {
						CreatedOnToolsVersion = 9.1;
						ProvisioningStyle = Automatic;
					};
					01F4B69B1FD1EE5300FF615F = {
						CreatedOnToolsVersion = 9.1;
						ProvisioningStyle = Automatic;
					};
				};
			};
			buildConfigurationList = 01E04A461FCF3F7F00A8D649 /* Build configuration list for PBXProject "AdventOfCode2017" */;
			compatibilityVersion = "Xcode 8.0";
			developmentRegion = en;
			hasScannedForEncodings = 0;
			knownRegions = (
				en,
			);
			mainGroup = 01E04A421FCF3F7F00A8D649;
			productRefGroup = 01E04A4C1FCF3F7F00A8D649 /* Products */;
			projectDirPath = "";
			projectRoot = "";
			targets = (
				01E04A4A1FCF3F7F00A8D649 /* Day1 */,
				01F4B69B1FD1EE5300FF615F /* Day2 */,
				01C7804E1FD35FC2008FE5E8 /* Day3 */,
				01C7805B1FD527B8008FE5E8 /* Day4 */,
				01B596671FD5ECBA00FA98DC /* Day5 */,
				01B596771FD6859800FA98DC /* Day6 */,
				0169D52E1FD92D110081D25B /* Day7 */,
				01A007FA1FDA5EBA00FC51C8 /* Day8 */,
				01CE2ED61FDDF16E005C71FF /* Day9 */,
				01CE2EE51FDEA458005C71FF /* Day10 */,
				01CE2EF01FDF3148005C71FF /* Day11 */,
				01CE2EFD1FDFFEE8005C71FF /* Day12 */,
				01CE2F0A1FE07B29005C71FF /* Day13 */,
				012087301FE257E40084AA2A /* Day14 */,
				0120873D1FE3B5CF0084AA2A /* Day15 */,
				017998C41FE5051300CA04F0 /* Day16 */,
				01676D1A1FE659A600CA9F8C /* Day17 */,
				01676D251FE7A3A300CA9F8C /* Day18 */,
				015C301D1FE8F2B2003A5090 /* Day19 */,
				017934751FEAE34B0095A24E /* Day20 */,
				01993F5F1FECF0310030CB6E /* Day21 */,
				0178174E1FED18B80092FDCF /* Day22 */,
				017817611FEE9A250092FDCF /* Day23 */,
				0178176E1FEEB72E0092FDCF /* Day23-2 */,
				014EE7651FEFE3F2005F43ED /* Day24 */,
				014EE7721FF0E58F005F43ED /* Day25 */,
			);
		};
/* End PBXProject section */

/* Begin PBXSourcesBuildPhase section */
		0120872D1FE257E40084AA2A /* Sources */ = {
			isa = PBXSourcesBuildPhase;
			buildActionMask = 2147483647;
			files = (
				012087391FE25BD50084AA2A /* String+KnotHash.swift in Sources */,
				012087341FE257E40084AA2A /* main.swift in Sources */,
				017817591FED37770092FDCF /* Measure.swift in Sources */,
			);
			runOnlyForDeploymentPostprocessing = 0;
		};
		0120873A1FE3B5CF0084AA2A /* Sources */ = {
			isa = PBXSourcesBuildPhase;
			buildActionMask = 2147483647;
			files = (
				0154E4341FE46751006BB419 /* Measure.swift in Sources */,
				012087411FE3B5CF0084AA2A /* main.swift in Sources */,
			);
			runOnlyForDeploymentPostprocessing = 0;
		};
		014EE7621FEFE3F2005F43ED /* Sources */ = {
			isa = PBXSourcesBuildPhase;
			buildActionMask = 2147483647;
			files = (
				014EE7691FEFE3F2005F43ED /* main.swift in Sources */,
			);
			runOnlyForDeploymentPostprocessing = 0;
		};
		014EE76F1FF0E58F005F43ED /* Sources */ = {
			isa = PBXSourcesBuildPhase;
			buildActionMask = 2147483647;
			files = (
				014EE7761FF0E58F005F43ED /* main.swift in Sources */,
			);
			runOnlyForDeploymentPostprocessing = 0;
		};
		015C301A1FE8F2B2003A5090 /* Sources */ = {
			isa = PBXSourcesBuildPhase;
			buildActionMask = 2147483647;
			files = (
				015C30211FE8F2B2003A5090 /* main.swift in Sources */,
			);
			runOnlyForDeploymentPostprocessing = 0;
		};
		01676D171FE659A600CA9F8C /* Sources */ = {
			isa = PBXSourcesBuildPhase;
			buildActionMask = 2147483647;
			files = (
				01676D1E1FE659A600CA9F8C /* main.swift in Sources */,
			);
			runOnlyForDeploymentPostprocessing = 0;
		};
		01676D221FE7A3A300CA9F8C /* Sources */ = {
			isa = PBXSourcesBuildPhase;
			buildActionMask = 2147483647;
			files = (
				01676D291FE7A3A300CA9F8C /* main.swift in Sources */,
			);
			runOnlyForDeploymentPostprocessing = 0;
		};
		0169D52B1FD92D110081D25B /* Sources */ = {
			isa = PBXSourcesBuildPhase;
			buildActionMask = 2147483647;
			files = (
				0169D5321FD92D110081D25B /* main.swift in Sources */,
			);
			runOnlyForDeploymentPostprocessing = 0;
		};
		0178174B1FED18B80092FDCF /* Sources */ = {
			isa = PBXSourcesBuildPhase;
			buildActionMask = 2147483647;
			files = (
				017817581FED31640092FDCF /* Measure.swift in Sources */,
				017817521FED18B80092FDCF /* main.swift in Sources */,
			);
			runOnlyForDeploymentPostprocessing = 0;
		};
		0178175E1FEE9A250092FDCF /* Sources */ = {
			isa = PBXSourcesBuildPhase;
			buildActionMask = 2147483647;
			files = (
				017817651FEE9A250092FDCF /* main.swift in Sources */,
			);
			runOnlyForDeploymentPostprocessing = 0;
		};
		0178176B1FEEB72E0092FDCF /* Sources */ = {
			isa = PBXSourcesBuildPhase;
			buildActionMask = 2147483647;
			files = (
				017817721FEEB72F0092FDCF /* main.swift in Sources */,
			);
			runOnlyForDeploymentPostprocessing = 0;
		};
		017934721FEAE34B0095A24E /* Sources */ = {
			isa = PBXSourcesBuildPhase;
			buildActionMask = 2147483647;
			files = (
				0179347F1FEB1ED70095A24E /* Measure.swift in Sources */,
				017934791FEAE34B0095A24E /* main.swift in Sources */,
			);
			runOnlyForDeploymentPostprocessing = 0;
		};
		017998C11FE5051300CA04F0 /* Sources */ = {
			isa = PBXSourcesBuildPhase;
			buildActionMask = 2147483647;
			files = (
				017998D01FE511D100CA04F0 /* Measure.swift in Sources */,
				017998C81FE5051300CA04F0 /* main.swift in Sources */,
			);
			runOnlyForDeploymentPostprocessing = 0;
		};
		01993F5C1FECF0310030CB6E /* Sources */ = {
			isa = PBXSourcesBuildPhase;
			buildActionMask = 2147483647;
			files = (
				0178174A1FED11C10092FDCF /* Measure.swift in Sources */,
				01993F631FECF0310030CB6E /* main.swift in Sources */,
			);
			runOnlyForDeploymentPostprocessing = 0;
		};
		01A007F71FDA5EBA00FC51C8 /* Sources */ = {
			isa = PBXSourcesBuildPhase;
			buildActionMask = 2147483647;
			files = (
				01A007FE1FDA5EBA00FC51C8 /* main.swift in Sources */,
			);
			runOnlyForDeploymentPostprocessing = 0;
		};
		01B596641FD5ECBA00FA98DC /* Sources */ = {
			isa = PBXSourcesBuildPhase;
			buildActionMask = 2147483647;
			files = (
				01B5966B1FD5ECBA00FA98DC /* main.swift in Sources */,
			);
			runOnlyForDeploymentPostprocessing = 0;
		};
		01B596741FD6859800FA98DC /* Sources */ = {
			isa = PBXSourcesBuildPhase;
			buildActionMask = 2147483647;
			files = (
				01B5967B1FD6859800FA98DC /* main.swift in Sources */,
			);
			runOnlyForDeploymentPostprocessing = 0;
		};
		01C7804B1FD35FC2008FE5E8 /* Sources */ = {
			isa = PBXSourcesBuildPhase;
			buildActionMask = 2147483647;
			files = (
				01C780521FD35FC2008FE5E8 /* main.swift in Sources */,
			);
			runOnlyForDeploymentPostprocessing = 0;
		};
		01C780581FD527B8008FE5E8 /* Sources */ = {
			isa = PBXSourcesBuildPhase;
			buildActionMask = 2147483647;
			files = (
				01C7805F1FD527B8008FE5E8 /* main.swift in Sources */,
			);
			runOnlyForDeploymentPostprocessing = 0;
		};
		01CE2ED31FDDF16E005C71FF /* Sources */ = {
			isa = PBXSourcesBuildPhase;
			buildActionMask = 2147483647;
			files = (
				01CE2EDA1FDDF16E005C71FF /* main.swift in Sources */,
			);
			runOnlyForDeploymentPostprocessing = 0;
		};
		01CE2EE21FDEA458005C71FF /* Sources */ = {
			isa = PBXSourcesBuildPhase;
			buildActionMask = 2147483647;
			files = (
				01CE2EE91FDEA458005C71FF /* main.swift in Sources */,
			);
			runOnlyForDeploymentPostprocessing = 0;
		};
		01CE2EED1FDF3148005C71FF /* Sources */ = {
			isa = PBXSourcesBuildPhase;
			buildActionMask = 2147483647;
			files = (
				01CE2EF41FDF3148005C71FF /* main.swift in Sources */,
			);
			runOnlyForDeploymentPostprocessing = 0;
		};
		01CE2EFA1FDFFEE8005C71FF /* Sources */ = {
			isa = PBXSourcesBuildPhase;
			buildActionMask = 2147483647;
			files = (
				01CE2F011FDFFEE8005C71FF /* main.swift in Sources */,
			);
			runOnlyForDeploymentPostprocessing = 0;
		};
		01CE2F071FE07B29005C71FF /* Sources */ = {
			isa = PBXSourcesBuildPhase;
			buildActionMask = 2147483647;
			files = (
				01CE2F0E1FE07B29005C71FF /* main.swift in Sources */,
			);
			runOnlyForDeploymentPostprocessing = 0;
		};
		01E04A471FCF3F7F00A8D649 /* Sources */ = {
			isa = PBXSourcesBuildPhase;
			buildActionMask = 2147483647;
			files = (
				01E04A4F1FCF3F7F00A8D649 /* main.swift in Sources */,
			);
			runOnlyForDeploymentPostprocessing = 0;
		};
		01F4B6981FD1EE5300FF615F /* Sources */ = {
			isa = PBXSourcesBuildPhase;
			buildActionMask = 2147483647;
			files = (
				01F4B69F1FD1EE5300FF615F /* main.swift in Sources */,
			);
			runOnlyForDeploymentPostprocessing = 0;
		};
/* End PBXSourcesBuildPhase section */

/* Begin XCBuildConfiguration section */
		012087351FE257E40084AA2A /* Debug */ = {
			isa = XCBuildConfiguration;
			buildSettings = {
				CODE_SIGN_STYLE = Automatic;
				DEVELOPMENT_TEAM = LU4EN4MKCR;
				PRODUCT_NAME = "$(TARGET_NAME)";
				SWIFT_VERSION = 4.0;
			};
			name = Debug;
		};
		012087361FE257E40084AA2A /* Release */ = {
			isa = XCBuildConfiguration;
			buildSettings = {
				CODE_SIGN_STYLE = Automatic;
				DEVELOPMENT_TEAM = LU4EN4MKCR;
				PRODUCT_NAME = "$(TARGET_NAME)";
				SWIFT_VERSION = 4.0;
			};
			name = Release;
		};
		012087431FE3B5CF0084AA2A /* Debug */ = {
			isa = XCBuildConfiguration;
			buildSettings = {
				CODE_SIGN_STYLE = Automatic;
				DEVELOPMENT_TEAM = LU4EN4MKCR;
				PRODUCT_NAME = "$(TARGET_NAME)";
				SWIFT_VERSION = 4.0;
			};
			name = Debug;
		};
		012087441FE3B5CF0084AA2A /* Release */ = {
			isa = XCBuildConfiguration;
			buildSettings = {
				CODE_SIGN_STYLE = Automatic;
				DEVELOPMENT_TEAM = LU4EN4MKCR;
				PRODUCT_NAME = "$(TARGET_NAME)";
				SWIFT_VERSION = 4.0;
			};
			name = Release;
		};
		014EE76A1FEFE3F2005F43ED /* Debug */ = {
			isa = XCBuildConfiguration;
			buildSettings = {
				CODE_SIGN_STYLE = Automatic;
				DEVELOPMENT_TEAM = LU4EN4MKCR;
				PRODUCT_NAME = "$(TARGET_NAME)";
				SWIFT_VERSION = 4.0;
			};
			name = Debug;
		};
		014EE76B1FEFE3F2005F43ED /* Release */ = {
			isa = XCBuildConfiguration;
			buildSettings = {
				CODE_SIGN_STYLE = Automatic;
				DEVELOPMENT_TEAM = LU4EN4MKCR;
				PRODUCT_NAME = "$(TARGET_NAME)";
				SWIFT_VERSION = 4.0;
			};
			name = Release;
		};
		014EE7781FF0E58F005F43ED /* Debug */ = {
			isa = XCBuildConfiguration;
			buildSettings = {
				CODE_SIGN_STYLE = Automatic;
				DEVELOPMENT_TEAM = LU4EN4MKCR;
				PRODUCT_NAME = "$(TARGET_NAME)";
				SWIFT_VERSION = 4.0;
			};
			name = Debug;
		};
		014EE7791FF0E58F005F43ED /* Release */ = {
			isa = XCBuildConfiguration;
			buildSettings = {
				CODE_SIGN_STYLE = Automatic;
				DEVELOPMENT_TEAM = LU4EN4MKCR;
				PRODUCT_NAME = "$(TARGET_NAME)";
				SWIFT_VERSION = 4.0;
			};
			name = Release;
		};
		015C30221FE8F2B2003A5090 /* Debug */ = {
			isa = XCBuildConfiguration;
			buildSettings = {
				CODE_SIGN_STYLE = Automatic;
				DEVELOPMENT_TEAM = LU4EN4MKCR;
				PRODUCT_NAME = "$(TARGET_NAME)";
				SWIFT_VERSION = 4.0;
			};
			name = Debug;
		};
		015C30231FE8F2B2003A5090 /* Release */ = {
			isa = XCBuildConfiguration;
			buildSettings = {
				CODE_SIGN_STYLE = Automatic;
				DEVELOPMENT_TEAM = LU4EN4MKCR;
				PRODUCT_NAME = "$(TARGET_NAME)";
				SWIFT_VERSION = 4.0;
			};
			name = Release;
		};
		01676D201FE659A600CA9F8C /* Debug */ = {
			isa = XCBuildConfiguration;
			buildSettings = {
				CODE_SIGN_STYLE = Automatic;
				DEVELOPMENT_TEAM = LU4EN4MKCR;
				PRODUCT_NAME = "$(TARGET_NAME)";
				SWIFT_VERSION = 4.0;
			};
			name = Debug;
		};
		01676D211FE659A600CA9F8C /* Release */ = {
			isa = XCBuildConfiguration;
			buildSettings = {
				CODE_SIGN_STYLE = Automatic;
				DEVELOPMENT_TEAM = LU4EN4MKCR;
				PRODUCT_NAME = "$(TARGET_NAME)";
				SWIFT_VERSION = 4.0;
			};
			name = Release;
		};
		01676D2B1FE7A3A300CA9F8C /* Debug */ = {
			isa = XCBuildConfiguration;
			buildSettings = {
				CODE_SIGN_STYLE = Automatic;
				DEVELOPMENT_TEAM = LU4EN4MKCR;
				PRODUCT_NAME = "$(TARGET_NAME)";
				SWIFT_VERSION = 4.0;
			};
			name = Debug;
		};
		01676D2C1FE7A3A300CA9F8C /* Release */ = {
			isa = XCBuildConfiguration;
			buildSettings = {
				CODE_SIGN_STYLE = Automatic;
				DEVELOPMENT_TEAM = LU4EN4MKCR;
				PRODUCT_NAME = "$(TARGET_NAME)";
				SWIFT_VERSION = 4.0;
			};
			name = Release;
		};
		0169D5341FD92D110081D25B /* Debug */ = {
			isa = XCBuildConfiguration;
			buildSettings = {
				CODE_SIGN_STYLE = Automatic;
				DEVELOPMENT_TEAM = LU4EN4MKCR;
				PRODUCT_NAME = "$(TARGET_NAME)";
				SWIFT_VERSION = 4.0;
			};
			name = Debug;
		};
		0169D5351FD92D110081D25B /* Release */ = {
			isa = XCBuildConfiguration;
			buildSettings = {
				CODE_SIGN_STYLE = Automatic;
				DEVELOPMENT_TEAM = LU4EN4MKCR;
				PRODUCT_NAME = "$(TARGET_NAME)";
				SWIFT_VERSION = 4.0;
			};
			name = Release;
		};
		017817541FED18B80092FDCF /* Debug */ = {
			isa = XCBuildConfiguration;
			buildSettings = {
				CODE_SIGN_STYLE = Automatic;
				DEVELOPMENT_TEAM = LU4EN4MKCR;
				GCC_OPTIMIZATION_LEVEL = s;
				PRODUCT_NAME = "$(TARGET_NAME)";
				SWIFT_OPTIMIZATION_LEVEL = "-O";
				SWIFT_VERSION = 4.0;
			};
			name = Debug;
		};
		017817551FED18B80092FDCF /* Release */ = {
			isa = XCBuildConfiguration;
			buildSettings = {
				CODE_SIGN_STYLE = Automatic;
				DEVELOPMENT_TEAM = LU4EN4MKCR;
				PRODUCT_NAME = "$(TARGET_NAME)";
				SWIFT_VERSION = 4.0;
			};
			name = Release;
		};
		017817661FEE9A250092FDCF /* Debug */ = {
			isa = XCBuildConfiguration;
			buildSettings = {
				CODE_SIGN_STYLE = Automatic;
				DEVELOPMENT_TEAM = LU4EN4MKCR;
				PRODUCT_NAME = "$(TARGET_NAME)";
				SWIFT_VERSION = 4.0;
			};
			name = Debug;
		};
		017817671FEE9A250092FDCF /* Release */ = {
			isa = XCBuildConfiguration;
			buildSettings = {
				CODE_SIGN_STYLE = Automatic;
				DEVELOPMENT_TEAM = LU4EN4MKCR;
				PRODUCT_NAME = "$(TARGET_NAME)";
				SWIFT_VERSION = 4.0;
			};
			name = Release;
		};
		017817741FEEB72F0092FDCF /* Debug */ = {
			isa = XCBuildConfiguration;
			buildSettings = {
				CODE_SIGN_STYLE = Automatic;
				DEVELOPMENT_TEAM = LU4EN4MKCR;
				PRODUCT_NAME = "$(TARGET_NAME)";
				SWIFT_VERSION = 4.0;
			};
			name = Debug;
		};
		017817751FEEB72F0092FDCF /* Release */ = {
			isa = XCBuildConfiguration;
			buildSettings = {
				CODE_SIGN_STYLE = Automatic;
				DEVELOPMENT_TEAM = LU4EN4MKCR;
				PRODUCT_NAME = "$(TARGET_NAME)";
				SWIFT_VERSION = 4.0;
			};
			name = Release;
		};
		0179347A1FEAE34B0095A24E /* Debug */ = {
			isa = XCBuildConfiguration;
			buildSettings = {
				CODE_SIGN_STYLE = Automatic;
				DEVELOPMENT_TEAM = LU4EN4MKCR;
				GCC_OPTIMIZATION_LEVEL = s;
				PRODUCT_NAME = "$(TARGET_NAME)";
				SWIFT_OPTIMIZATION_LEVEL = "-Owholemodule";
				SWIFT_VERSION = 4.0;
			};
			name = Debug;
		};
		0179347B1FEAE34B0095A24E /* Release */ = {
			isa = XCBuildConfiguration;
			buildSettings = {
				CODE_SIGN_STYLE = Automatic;
				DEVELOPMENT_TEAM = LU4EN4MKCR;
				PRODUCT_NAME = "$(TARGET_NAME)";
				SWIFT_VERSION = 4.0;
			};
			name = Release;
		};
		017998C91FE5051300CA04F0 /* Debug */ = {
			isa = XCBuildConfiguration;
			buildSettings = {
				CODE_SIGN_STYLE = Automatic;
				DEVELOPMENT_TEAM = LU4EN4MKCR;
				PRODUCT_NAME = "$(TARGET_NAME)";
				SWIFT_VERSION = 4.0;
			};
			name = Debug;
		};
		017998CA1FE5051300CA04F0 /* Release */ = {
			isa = XCBuildConfiguration;
			buildSettings = {
				CODE_SIGN_STYLE = Automatic;
				DEVELOPMENT_TEAM = LU4EN4MKCR;
				PRODUCT_NAME = "$(TARGET_NAME)";
				SWIFT_VERSION = 4.0;
			};
			name = Release;
		};
		01993F641FECF0310030CB6E /* Debug */ = {
			isa = XCBuildConfiguration;
			buildSettings = {
				CODE_SIGN_STYLE = Automatic;
				DEVELOPMENT_TEAM = LU4EN4MKCR;
				PRODUCT_NAME = "$(TARGET_NAME)";
				SWIFT_VERSION = 4.0;
			};
			name = Debug;
		};
		01993F651FECF0310030CB6E /* Release */ = {
			isa = XCBuildConfiguration;
			buildSettings = {
				CODE_SIGN_STYLE = Automatic;
				DEVELOPMENT_TEAM = LU4EN4MKCR;
				PRODUCT_NAME = "$(TARGET_NAME)";
				SWIFT_VERSION = 4.0;
			};
			name = Release;
		};
		01A007FF1FDA5EBA00FC51C8 /* Debug */ = {
			isa = XCBuildConfiguration;
			buildSettings = {
				CODE_SIGN_STYLE = Automatic;
				DEVELOPMENT_TEAM = LU4EN4MKCR;
				PRODUCT_NAME = "$(TARGET_NAME)";
				SWIFT_VERSION = 4.0;
			};
			name = Debug;
		};
		01A008001FDA5EBA00FC51C8 /* Release */ = {
			isa = XCBuildConfiguration;
			buildSettings = {
				CODE_SIGN_STYLE = Automatic;
				DEVELOPMENT_TEAM = LU4EN4MKCR;
				PRODUCT_NAME = "$(TARGET_NAME)";
				SWIFT_VERSION = 4.0;
			};
			name = Release;
		};
		01B5966C1FD5ECBA00FA98DC /* Debug */ = {
			isa = XCBuildConfiguration;
			buildSettings = {
				CODE_SIGN_STYLE = Automatic;
				DEVELOPMENT_TEAM = LU4EN4MKCR;
				PRODUCT_NAME = "$(TARGET_NAME)";
				SWIFT_VERSION = 4.0;
			};
			name = Debug;
		};
		01B5966D1FD5ECBA00FA98DC /* Release */ = {
			isa = XCBuildConfiguration;
			buildSettings = {
				CODE_SIGN_STYLE = Automatic;
				DEVELOPMENT_TEAM = LU4EN4MKCR;
				PRODUCT_NAME = "$(TARGET_NAME)";
				SWIFT_VERSION = 4.0;
			};
			name = Release;
		};
		01B5967D1FD6859800FA98DC /* Debug */ = {
			isa = XCBuildConfiguration;
			buildSettings = {
				CODE_SIGN_STYLE = Automatic;
				DEVELOPMENT_TEAM = LU4EN4MKCR;
				PRODUCT_NAME = "$(TARGET_NAME)";
				SWIFT_VERSION = 4.0;
			};
			name = Debug;
		};
		01B5967E1FD6859800FA98DC /* Release */ = {
			isa = XCBuildConfiguration;
			buildSettings = {
				CODE_SIGN_STYLE = Automatic;
				DEVELOPMENT_TEAM = LU4EN4MKCR;
				PRODUCT_NAME = "$(TARGET_NAME)";
				SWIFT_VERSION = 4.0;
			};
			name = Release;
		};
		01C780531FD35FC2008FE5E8 /* Debug */ = {
			isa = XCBuildConfiguration;
			buildSettings = {
				CODE_SIGN_STYLE = Automatic;
				DEVELOPMENT_TEAM = LU4EN4MKCR;
				PRODUCT_NAME = "$(TARGET_NAME)";
				SWIFT_VERSION = 4.0;
			};
			name = Debug;
		};
		01C780541FD35FC2008FE5E8 /* Release */ = {
			isa = XCBuildConfiguration;
			buildSettings = {
				CODE_SIGN_STYLE = Automatic;
				DEVELOPMENT_TEAM = LU4EN4MKCR;
				PRODUCT_NAME = "$(TARGET_NAME)";
				SWIFT_VERSION = 4.0;
			};
			name = Release;
		};
		01C780611FD527B8008FE5E8 /* Debug */ = {
			isa = XCBuildConfiguration;
			buildSettings = {
				CODE_SIGN_STYLE = Automatic;
				DEVELOPMENT_TEAM = LU4EN4MKCR;
				PRODUCT_NAME = "$(TARGET_NAME)";
				SWIFT_VERSION = 4.0;
			};
			name = Debug;
		};
		01C780621FD527B8008FE5E8 /* Release */ = {
			isa = XCBuildConfiguration;
			buildSettings = {
				CODE_SIGN_STYLE = Automatic;
				DEVELOPMENT_TEAM = LU4EN4MKCR;
				PRODUCT_NAME = "$(TARGET_NAME)";
				SWIFT_VERSION = 4.0;
			};
			name = Release;
		};
		01CE2EDB1FDDF16E005C71FF /* Debug */ = {
			isa = XCBuildConfiguration;
			buildSettings = {
				CODE_SIGN_STYLE = Automatic;
				DEVELOPMENT_TEAM = LU4EN4MKCR;
				PRODUCT_NAME = "$(TARGET_NAME)";
				SWIFT_VERSION = 4.0;
			};
			name = Debug;
		};
		01CE2EDC1FDDF16E005C71FF /* Release */ = {
			isa = XCBuildConfiguration;
			buildSettings = {
				CODE_SIGN_STYLE = Automatic;
				DEVELOPMENT_TEAM = LU4EN4MKCR;
				PRODUCT_NAME = "$(TARGET_NAME)";
				SWIFT_VERSION = 4.0;
			};
			name = Release;
		};
		01CE2EEB1FDEA458005C71FF /* Debug */ = {
			isa = XCBuildConfiguration;
			buildSettings = {
				CODE_SIGN_STYLE = Automatic;
				DEVELOPMENT_TEAM = LU4EN4MKCR;
				PRODUCT_NAME = "$(TARGET_NAME)";
				SWIFT_VERSION = 4.0;
			};
			name = Debug;
		};
		01CE2EEC1FDEA458005C71FF /* Release */ = {
			isa = XCBuildConfiguration;
			buildSettings = {
				CODE_SIGN_STYLE = Automatic;
				DEVELOPMENT_TEAM = LU4EN4MKCR;
				PRODUCT_NAME = "$(TARGET_NAME)";
				SWIFT_VERSION = 4.0;
			};
			name = Release;
		};
		01CE2EF61FDF3148005C71FF /* Debug */ = {
			isa = XCBuildConfiguration;
			buildSettings = {
				CODE_SIGN_STYLE = Automatic;
				DEVELOPMENT_TEAM = LU4EN4MKCR;
				PRODUCT_NAME = "$(TARGET_NAME)";
				SWIFT_VERSION = 4.0;
			};
			name = Debug;
		};
		01CE2EF71FDF3148005C71FF /* Release */ = {
			isa = XCBuildConfiguration;
			buildSettings = {
				CODE_SIGN_STYLE = Automatic;
				DEVELOPMENT_TEAM = LU4EN4MKCR;
				PRODUCT_NAME = "$(TARGET_NAME)";
				SWIFT_VERSION = 4.0;
			};
			name = Release;
		};
		01CE2F031FDFFEE8005C71FF /* Debug */ = {
			isa = XCBuildConfiguration;
			buildSettings = {
				CODE_SIGN_STYLE = Automatic;
				DEVELOPMENT_TEAM = LU4EN4MKCR;
				PRODUCT_NAME = "$(TARGET_NAME)";
				SWIFT_VERSION = 4.0;
			};
			name = Debug;
		};
		01CE2F041FDFFEE8005C71FF /* Release */ = {
			isa = XCBuildConfiguration;
			buildSettings = {
				CODE_SIGN_STYLE = Automatic;
				DEVELOPMENT_TEAM = LU4EN4MKCR;
				PRODUCT_NAME = "$(TARGET_NAME)";
				SWIFT_VERSION = 4.0;
			};
			name = Release;
		};
		01CE2F101FE07B29005C71FF /* Debug */ = {
			isa = XCBuildConfiguration;
			buildSettings = {
				CODE_SIGN_STYLE = Automatic;
				DEVELOPMENT_TEAM = LU4EN4MKCR;
				PRODUCT_NAME = "$(TARGET_NAME)";
				SWIFT_VERSION = 4.0;
			};
			name = Debug;
		};
		01CE2F111FE07B29005C71FF /* Release */ = {
			isa = XCBuildConfiguration;
			buildSettings = {
				CODE_SIGN_STYLE = Automatic;
				DEVELOPMENT_TEAM = LU4EN4MKCR;
				PRODUCT_NAME = "$(TARGET_NAME)";
				SWIFT_VERSION = 4.0;
			};
			name = Release;
		};
		01E04A501FCF3F7F00A8D649 /* Debug */ = {
			isa = XCBuildConfiguration;
			buildSettings = {
				ALWAYS_SEARCH_USER_PATHS = NO;
				CLANG_ANALYZER_NONNULL = YES;
				CLANG_ANALYZER_NUMBER_OBJECT_CONVERSION = YES_AGGRESSIVE;
				CLANG_CXX_LANGUAGE_STANDARD = "gnu++14";
				CLANG_CXX_LIBRARY = "libc++";
				CLANG_ENABLE_MODULES = YES;
				CLANG_ENABLE_OBJC_ARC = YES;
				CLANG_WARN_BLOCK_CAPTURE_AUTORELEASING = YES;
				CLANG_WARN_BOOL_CONVERSION = YES;
				CLANG_WARN_COMMA = YES;
				CLANG_WARN_CONSTANT_CONVERSION = YES;
				CLANG_WARN_DIRECT_OBJC_ISA_USAGE = YES_ERROR;
				CLANG_WARN_DOCUMENTATION_COMMENTS = YES;
				CLANG_WARN_EMPTY_BODY = YES;
				CLANG_WARN_ENUM_CONVERSION = YES;
				CLANG_WARN_INFINITE_RECURSION = YES;
				CLANG_WARN_INT_CONVERSION = YES;
				CLANG_WARN_NON_LITERAL_NULL_CONVERSION = YES;
				CLANG_WARN_OBJC_LITERAL_CONVERSION = YES;
				CLANG_WARN_OBJC_ROOT_CLASS = YES_ERROR;
				CLANG_WARN_RANGE_LOOP_ANALYSIS = YES;
				CLANG_WARN_STRICT_PROTOTYPES = YES;
				CLANG_WARN_SUSPICIOUS_MOVE = YES;
				CLANG_WARN_UNGUARDED_AVAILABILITY = YES_AGGRESSIVE;
				CLANG_WARN_UNREACHABLE_CODE = YES;
				CLANG_WARN__DUPLICATE_METHOD_MATCH = YES;
				CODE_SIGN_IDENTITY = "Mac Developer";
				COPY_PHASE_STRIP = NO;
				DEBUG_INFORMATION_FORMAT = dwarf;
				ENABLE_STRICT_OBJC_MSGSEND = YES;
				ENABLE_TESTABILITY = YES;
				GCC_C_LANGUAGE_STANDARD = gnu11;
				GCC_DYNAMIC_NO_PIC = NO;
				GCC_NO_COMMON_BLOCKS = YES;
				GCC_OPTIMIZATION_LEVEL = 0;
				GCC_PREPROCESSOR_DEFINITIONS = (
					"DEBUG=1",
					"$(inherited)",
				);
				GCC_WARN_64_TO_32_BIT_CONVERSION = YES;
				GCC_WARN_ABOUT_RETURN_TYPE = YES_ERROR;
				GCC_WARN_UNDECLARED_SELECTOR = YES;
				GCC_WARN_UNINITIALIZED_AUTOS = YES_AGGRESSIVE;
				GCC_WARN_UNUSED_FUNCTION = YES;
				GCC_WARN_UNUSED_VARIABLE = YES;
				MACOSX_DEPLOYMENT_TARGET = 10.13;
				MTL_ENABLE_DEBUG_INFO = YES;
				ONLY_ACTIVE_ARCH = YES;
				SDKROOT = macosx;
				SWIFT_ACTIVE_COMPILATION_CONDITIONS = DEBUG;
				SWIFT_OPTIMIZATION_LEVEL = "-Onone";
			};
			name = Debug;
		};
		01E04A511FCF3F7F00A8D649 /* Release */ = {
			isa = XCBuildConfiguration;
			buildSettings = {
				ALWAYS_SEARCH_USER_PATHS = NO;
				CLANG_ANALYZER_NONNULL = YES;
				CLANG_ANALYZER_NUMBER_OBJECT_CONVERSION = YES_AGGRESSIVE;
				CLANG_CXX_LANGUAGE_STANDARD = "gnu++14";
				CLANG_CXX_LIBRARY = "libc++";
				CLANG_ENABLE_MODULES = YES;
				CLANG_ENABLE_OBJC_ARC = YES;
				CLANG_WARN_BLOCK_CAPTURE_AUTORELEASING = YES;
				CLANG_WARN_BOOL_CONVERSION = YES;
				CLANG_WARN_COMMA = YES;
				CLANG_WARN_CONSTANT_CONVERSION = YES;
				CLANG_WARN_DIRECT_OBJC_ISA_USAGE = YES_ERROR;
				CLANG_WARN_DOCUMENTATION_COMMENTS = YES;
				CLANG_WARN_EMPTY_BODY = YES;
				CLANG_WARN_ENUM_CONVERSION = YES;
				CLANG_WARN_INFINITE_RECURSION = YES;
				CLANG_WARN_INT_CONVERSION = YES;
				CLANG_WARN_NON_LITERAL_NULL_CONVERSION = YES;
				CLANG_WARN_OBJC_LITERAL_CONVERSION = YES;
				CLANG_WARN_OBJC_ROOT_CLASS = YES_ERROR;
				CLANG_WARN_RANGE_LOOP_ANALYSIS = YES;
				CLANG_WARN_STRICT_PROTOTYPES = YES;
				CLANG_WARN_SUSPICIOUS_MOVE = YES;
				CLANG_WARN_UNGUARDED_AVAILABILITY = YES_AGGRESSIVE;
				CLANG_WARN_UNREACHABLE_CODE = YES;
				CLANG_WARN__DUPLICATE_METHOD_MATCH = YES;
				CODE_SIGN_IDENTITY = "Mac Developer";
				COPY_PHASE_STRIP = NO;
				DEBUG_INFORMATION_FORMAT = "dwarf-with-dsym";
				ENABLE_NS_ASSERTIONS = NO;
				ENABLE_STRICT_OBJC_MSGSEND = YES;
				GCC_C_LANGUAGE_STANDARD = gnu11;
				GCC_NO_COMMON_BLOCKS = YES;
				GCC_WARN_64_TO_32_BIT_CONVERSION = YES;
				GCC_WARN_ABOUT_RETURN_TYPE = YES_ERROR;
				GCC_WARN_UNDECLARED_SELECTOR = YES;
				GCC_WARN_UNINITIALIZED_AUTOS = YES_AGGRESSIVE;
				GCC_WARN_UNUSED_FUNCTION = YES;
				GCC_WARN_UNUSED_VARIABLE = YES;
				MACOSX_DEPLOYMENT_TARGET = 10.13;
				MTL_ENABLE_DEBUG_INFO = NO;
				SDKROOT = macosx;
				SWIFT_OPTIMIZATION_LEVEL = "-Owholemodule";
			};
			name = Release;
		};
		01E04A531FCF3F7F00A8D649 /* Debug */ = {
			isa = XCBuildConfiguration;
			buildSettings = {
				CODE_SIGN_STYLE = Automatic;
				DEVELOPMENT_TEAM = LU4EN4MKCR;
				PRODUCT_NAME = "$(TARGET_NAME)";
				SWIFT_VERSION = 4.0;
			};
			name = Debug;
		};
		01E04A541FCF3F7F00A8D649 /* Release */ = {
			isa = XCBuildConfiguration;
			buildSettings = {
				CODE_SIGN_STYLE = Automatic;
				DEVELOPMENT_TEAM = LU4EN4MKCR;
				PRODUCT_NAME = "$(TARGET_NAME)";
				SWIFT_VERSION = 4.0;
			};
			name = Release;
		};
		01F4B6A01FD1EE5300FF615F /* Debug */ = {
			isa = XCBuildConfiguration;
			buildSettings = {
				CODE_SIGN_STYLE = Automatic;
				DEVELOPMENT_TEAM = LU4EN4MKCR;
				PRODUCT_NAME = "$(TARGET_NAME)";
				SWIFT_VERSION = 4.0;
			};
			name = Debug;
		};
		01F4B6A11FD1EE5300FF615F /* Release */ = {
			isa = XCBuildConfiguration;
			buildSettings = {
				CODE_SIGN_STYLE = Automatic;
				DEVELOPMENT_TEAM = LU4EN4MKCR;
				PRODUCT_NAME = "$(TARGET_NAME)";
				SWIFT_VERSION = 4.0;
			};
			name = Release;
		};
/* End XCBuildConfiguration section */

/* Begin XCConfigurationList section */
		012087371FE257E40084AA2A /* Build configuration list for PBXNativeTarget "Day14" */ = {
			isa = XCConfigurationList;
			buildConfigurations = (
				012087351FE257E40084AA2A /* Debug */,
				012087361FE257E40084AA2A /* Release */,
			);
			defaultConfigurationIsVisible = 0;
			defaultConfigurationName = Release;
		};
		012087421FE3B5CF0084AA2A /* Build configuration list for PBXNativeTarget "Day15" */ = {
			isa = XCConfigurationList;
			buildConfigurations = (
				012087431FE3B5CF0084AA2A /* Debug */,
				012087441FE3B5CF0084AA2A /* Release */,
			);
			defaultConfigurationIsVisible = 0;
			defaultConfigurationName = Release;
		};
		014EE76C1FEFE3F2005F43ED /* Build configuration list for PBXNativeTarget "Day24" */ = {
			isa = XCConfigurationList;
			buildConfigurations = (
				014EE76A1FEFE3F2005F43ED /* Debug */,
				014EE76B1FEFE3F2005F43ED /* Release */,
			);
			defaultConfigurationIsVisible = 0;
			defaultConfigurationName = Release;
		};
		014EE7771FF0E58F005F43ED /* Build configuration list for PBXNativeTarget "Day25" */ = {
			isa = XCConfigurationList;
			buildConfigurations = (
				014EE7781FF0E58F005F43ED /* Debug */,
				014EE7791FF0E58F005F43ED /* Release */,
			);
			defaultConfigurationIsVisible = 0;
			defaultConfigurationName = Release;
		};
		015C30241FE8F2B2003A5090 /* Build configuration list for PBXNativeTarget "Day19" */ = {
			isa = XCConfigurationList;
			buildConfigurations = (
				015C30221FE8F2B2003A5090 /* Debug */,
				015C30231FE8F2B2003A5090 /* Release */,
			);
			defaultConfigurationIsVisible = 0;
			defaultConfigurationName = Release;
		};
		01676D1F1FE659A600CA9F8C /* Build configuration list for PBXNativeTarget "Day17" */ = {
			isa = XCConfigurationList;
			buildConfigurations = (
				01676D201FE659A600CA9F8C /* Debug */,
				01676D211FE659A600CA9F8C /* Release */,
			);
			defaultConfigurationIsVisible = 0;
			defaultConfigurationName = Release;
		};
		01676D2A1FE7A3A300CA9F8C /* Build configuration list for PBXNativeTarget "Day18" */ = {
			isa = XCConfigurationList;
			buildConfigurations = (
				01676D2B1FE7A3A300CA9F8C /* Debug */,
				01676D2C1FE7A3A300CA9F8C /* Release */,
			);
			defaultConfigurationIsVisible = 0;
			defaultConfigurationName = Release;
		};
		0169D5331FD92D110081D25B /* Build configuration list for PBXNativeTarget "Day7" */ = {
			isa = XCConfigurationList;
			buildConfigurations = (
				0169D5341FD92D110081D25B /* Debug */,
				0169D5351FD92D110081D25B /* Release */,
			);
			defaultConfigurationIsVisible = 0;
			defaultConfigurationName = Release;
		};
		017817531FED18B80092FDCF /* Build configuration list for PBXNativeTarget "Day22" */ = {
			isa = XCConfigurationList;
			buildConfigurations = (
				017817541FED18B80092FDCF /* Debug */,
				017817551FED18B80092FDCF /* Release */,
			);
			defaultConfigurationIsVisible = 0;
			defaultConfigurationName = Release;
		};
		017817681FEE9A250092FDCF /* Build configuration list for PBXNativeTarget "Day23" */ = {
			isa = XCConfigurationList;
			buildConfigurations = (
				017817661FEE9A250092FDCF /* Debug */,
				017817671FEE9A250092FDCF /* Release */,
			);
			defaultConfigurationIsVisible = 0;
			defaultConfigurationName = Release;
		};
		017817731FEEB72F0092FDCF /* Build configuration list for PBXNativeTarget "Day23-2" */ = {
			isa = XCConfigurationList;
			buildConfigurations = (
				017817741FEEB72F0092FDCF /* Debug */,
				017817751FEEB72F0092FDCF /* Release */,
			);
			defaultConfigurationIsVisible = 0;
			defaultConfigurationName = Release;
		};
		0179347C1FEAE34B0095A24E /* Build configuration list for PBXNativeTarget "Day20" */ = {
			isa = XCConfigurationList;
			buildConfigurations = (
				0179347A1FEAE34B0095A24E /* Debug */,
				0179347B1FEAE34B0095A24E /* Release */,
			);
			defaultConfigurationIsVisible = 0;
			defaultConfigurationName = Release;
		};
		017998CB1FE5051300CA04F0 /* Build configuration list for PBXNativeTarget "Day16" */ = {
			isa = XCConfigurationList;
			buildConfigurations = (
				017998C91FE5051300CA04F0 /* Debug */,
				017998CA1FE5051300CA04F0 /* Release */,
			);
			defaultConfigurationIsVisible = 0;
			defaultConfigurationName = Release;
		};
		01993F661FECF0310030CB6E /* Build configuration list for PBXNativeTarget "Day21" */ = {
			isa = XCConfigurationList;
			buildConfigurations = (
				01993F641FECF0310030CB6E /* Debug */,
				01993F651FECF0310030CB6E /* Release */,
			);
			defaultConfigurationIsVisible = 0;
			defaultConfigurationName = Release;
		};
		01A008011FDA5EBA00FC51C8 /* Build configuration list for PBXNativeTarget "Day8" */ = {
			isa = XCConfigurationList;
			buildConfigurations = (
				01A007FF1FDA5EBA00FC51C8 /* Debug */,
				01A008001FDA5EBA00FC51C8 /* Release */,
			);
			defaultConfigurationIsVisible = 0;
			defaultConfigurationName = Release;
		};
		01B5966E1FD5ECBA00FA98DC /* Build configuration list for PBXNativeTarget "Day5" */ = {
			isa = XCConfigurationList;
			buildConfigurations = (
				01B5966C1FD5ECBA00FA98DC /* Debug */,
				01B5966D1FD5ECBA00FA98DC /* Release */,
			);
			defaultConfigurationIsVisible = 0;
			defaultConfigurationName = Release;
		};
		01B5967C1FD6859800FA98DC /* Build configuration list for PBXNativeTarget "Day6" */ = {
			isa = XCConfigurationList;
			buildConfigurations = (
				01B5967D1FD6859800FA98DC /* Debug */,
				01B5967E1FD6859800FA98DC /* Release */,
			);
			defaultConfigurationIsVisible = 0;
			defaultConfigurationName = Release;
		};
		01C780551FD35FC2008FE5E8 /* Build configuration list for PBXNativeTarget "Day3" */ = {
			isa = XCConfigurationList;
			buildConfigurations = (
				01C780531FD35FC2008FE5E8 /* Debug */,
				01C780541FD35FC2008FE5E8 /* Release */,
			);
			defaultConfigurationIsVisible = 0;
			defaultConfigurationName = Release;
		};
		01C780601FD527B8008FE5E8 /* Build configuration list for PBXNativeTarget "Day4" */ = {
			isa = XCConfigurationList;
			buildConfigurations = (
				01C780611FD527B8008FE5E8 /* Debug */,
				01C780621FD527B8008FE5E8 /* Release */,
			);
			defaultConfigurationIsVisible = 0;
			defaultConfigurationName = Release;
		};
		01CE2EDD1FDDF16E005C71FF /* Build configuration list for PBXNativeTarget "Day9" */ = {
			isa = XCConfigurationList;
			buildConfigurations = (
				01CE2EDB1FDDF16E005C71FF /* Debug */,
				01CE2EDC1FDDF16E005C71FF /* Release */,
			);
			defaultConfigurationIsVisible = 0;
			defaultConfigurationName = Release;
		};
		01CE2EEA1FDEA458005C71FF /* Build configuration list for PBXNativeTarget "Day10" */ = {
			isa = XCConfigurationList;
			buildConfigurations = (
				01CE2EEB1FDEA458005C71FF /* Debug */,
				01CE2EEC1FDEA458005C71FF /* Release */,
			);
			defaultConfigurationIsVisible = 0;
			defaultConfigurationName = Release;
		};
		01CE2EF51FDF3148005C71FF /* Build configuration list for PBXNativeTarget "Day11" */ = {
			isa = XCConfigurationList;
			buildConfigurations = (
				01CE2EF61FDF3148005C71FF /* Debug */,
				01CE2EF71FDF3148005C71FF /* Release */,
			);
			defaultConfigurationIsVisible = 0;
			defaultConfigurationName = Release;
		};
		01CE2F021FDFFEE8005C71FF /* Build configuration list for PBXNativeTarget "Day12" */ = {
			isa = XCConfigurationList;
			buildConfigurations = (
				01CE2F031FDFFEE8005C71FF /* Debug */,
				01CE2F041FDFFEE8005C71FF /* Release */,
			);
			defaultConfigurationIsVisible = 0;
			defaultConfigurationName = Release;
		};
		01CE2F0F1FE07B29005C71FF /* Build configuration list for PBXNativeTarget "Day13" */ = {
			isa = XCConfigurationList;
			buildConfigurations = (
				01CE2F101FE07B29005C71FF /* Debug */,
				01CE2F111FE07B29005C71FF /* Release */,
			);
			defaultConfigurationIsVisible = 0;
			defaultConfigurationName = Release;
		};
		01E04A461FCF3F7F00A8D649 /* Build configuration list for PBXProject "AdventOfCode2017" */ = {
			isa = XCConfigurationList;
			buildConfigurations = (
				01E04A501FCF3F7F00A8D649 /* Debug */,
				01E04A511FCF3F7F00A8D649 /* Release */,
			);
			defaultConfigurationIsVisible = 0;
			defaultConfigurationName = Release;
		};
		01E04A521FCF3F7F00A8D649 /* Build configuration list for PBXNativeTarget "Day1" */ = {
			isa = XCConfigurationList;
			buildConfigurations = (
				01E04A531FCF3F7F00A8D649 /* Debug */,
				01E04A541FCF3F7F00A8D649 /* Release */,
			);
			defaultConfigurationIsVisible = 0;
			defaultConfigurationName = Release;
		};
		01F4B6A21FD1EE5300FF615F /* Build configuration list for PBXNativeTarget "Day2" */ = {
			isa = XCConfigurationList;
			buildConfigurations = (
				01F4B6A01FD1EE5300FF615F /* Debug */,
				01F4B6A11FD1EE5300FF615F /* Release */,
			);
			defaultConfigurationIsVisible = 0;
			defaultConfigurationName = Release;
		};
/* End XCConfigurationList section */
	};
	rootObject = 01E04A431FCF3F7F00A8D649 /* Project object */;
}
